// !$*UTF8*$!
{
	archiveVersion = 1;
	classes = {
	};
	objectVersion = 50;
	objects = {

/* Begin PBXBuildFile section */
		27F872AB25E797690068380F /* ProjectBundlePathLoader.swift in Sources */ = {isa = PBXBuildFile; fileRef = 27F872A925E797690068380F /* ProjectBundlePathLoader.swift */; };
		44D27C73255A3CAF00D0C636 /* AppDelegate.swift in Sources */ = {isa = PBXBuildFile; fileRef = 44D27C72255A3CAF00D0C636 /* AppDelegate.swift */; };
		44D27C75255A3CAF00D0C636 /* SceneDelegate.swift in Sources */ = {isa = PBXBuildFile; fileRef = 44D27C74255A3CAF00D0C636 /* SceneDelegate.swift */; };
		44D27C77255A3CAF00D0C636 /* ViewController.swift in Sources */ = {isa = PBXBuildFile; fileRef = 44D27C76255A3CAF00D0C636 /* ViewController.swift */; };
		44D27C7A255A3CAF00D0C636 /* Main.storyboard in Resources */ = {isa = PBXBuildFile; fileRef = 44D27C78255A3CAF00D0C636 /* Main.storyboard */; };
		44D27C7C255A3CB300D0C636 /* Assets.xcassets in Resources */ = {isa = PBXBuildFile; fileRef = 44D27C7B255A3CB300D0C636 /* Assets.xcassets */; };
		44D27C7F255A3CB300D0C636 /* LaunchScreen.storyboard in Resources */ = {isa = PBXBuildFile; fileRef = 44D27C7D255A3CB300D0C636 /* LaunchScreen.storyboard */; };
		44D27C8A255A3CB300D0C636 /* AAInfographics_ProDemoTests.swift in Sources */ = {isa = PBXBuildFile; fileRef = 44D27C89255A3CB300D0C636 /* AAInfographics_ProDemoTests.swift */; };
		44D27C95255A3CB400D0C636 /* AAInfographics_ProDemoUITests.swift in Sources */ = {isa = PBXBuildFile; fileRef = 44D27C94255A3CB400D0C636 /* AAInfographics_ProDemoUITests.swift */; };
		44D27D91255A631500D0C636 /* AABaseChartVC.swift in Sources */ = {isa = PBXBuildFile; fileRef = 44D27D7E255A631500D0C636 /* AABaseChartVC.swift */; };
		44D27DA4255A64A700D0C636 /* MainVC.swift in Sources */ = {isa = PBXBuildFile; fileRef = 44D27DA3255A64A700D0C636 /* MainVC.swift */; };
		44D27DAC255A6C0700D0C636 /* AAJSFiles.bundle in Resources */ = {isa = PBXBuildFile; fileRef = 44D27DAB255A6C0700D0C636 /* AAJSFiles.bundle */; };
		44D27DEB255A6DD100D0C636 /* AAColorAxis.swift in Sources */ = {isa = PBXBuildFile; fileRef = 44D27DEA255A6DD100D0C636 /* AAColorAxis.swift */; };
		44D27DF3255A706C00D0C636 /* AALevelsElement.swift in Sources */ = {isa = PBXBuildFile; fileRef = 44D27DF2255A706C00D0C636 /* AALevelsElement.swift */; };
		44D27DF8255A726400D0C636 /* AAPackedbubble.swift in Sources */ = {isa = PBXBuildFile; fileRef = 44D27DF7255A726400D0C636 /* AAPackedbubble.swift */; };
		44D27DFD255A733D00D0C636 /* AATreemap.swift in Sources */ = {isa = PBXBuildFile; fileRef = 44D27DFC255A733D00D0C636 /* AATreemap.swift */; };
		44D27E02255A735700D0C636 /* AALayoutAlgorithm.swift in Sources */ = {isa = PBXBuildFile; fileRef = 44D27E01255A735700D0C636 /* AALayoutAlgorithm.swift */; };
		44D27E07255A793200D0C636 /* AAOptionsData.swift in Sources */ = {isa = PBXBuildFile; fileRef = 44D27E06255A793200D0C636 /* AAOptionsData.swift */; };
		44D27E0C255ADE1E00D0C636 /* AAOptionsSeries.swift in Sources */ = {isa = PBXBuildFile; fileRef = 44D27E0B255ADE1E00D0C636 /* AAOptionsSeries.swift */; };
		44D27E11255ADF1300D0C636 /* ChartProVC.swift in Sources */ = {isa = PBXBuildFile; fileRef = 44D27E10255ADF1300D0C636 /* ChartProVC.swift */; };
		58603BB14202D5D0DF0D4482 /* tilemapForAfricaData.json in Resources */ = {isa = PBXBuildFile; fileRef = 58603C0A468CDC4C59D49149 /* tilemapForAfricaData.json */; };
		58603DF10ACD2DFCE19E231F /* simpleTilemapData.json in Resources */ = {isa = PBXBuildFile; fileRef = 5860351659A57677CB0A6D84 /* simpleTilemapData.json */; };
		8418479728B861D200094106 /* AABoxplot.swift in Sources */ = {isa = PBXBuildFile; fileRef = 8418479628B861D200094106 /* AABoxplot.swift */; };
		8441A76126C2568F007EAAA7 /* AAExtension.swift in Sources */ = {isa = PBXBuildFile; fileRef = 8441A75E26C2568E007EAAA7 /* AAExtension.swift */; };
		8441A76226C2568F007EAAA7 /* AAColor.swift in Sources */ = {isa = PBXBuildFile; fileRef = 8441A75F26C2568F007EAAA7 /* AAColor.swift */; };
		8441A76326C2568F007EAAA7 /* AAGradientColor.swift in Sources */ = {isa = PBXBuildFile; fileRef = 8441A76026C2568F007EAAA7 /* AAGradientColor.swift */; };
		84461589283F57C600E26DA4 /* AAOptions.swift in Sources */ = {isa = PBXBuildFile; fileRef = 84461584283F57C500E26DA4 /* AAOptions.swift */; };
		8446158A283F57C600E26DA4 /* AAChartView.swift in Sources */ = {isa = PBXBuildFile; fileRef = 84461585283F57C500E26DA4 /* AAChartView.swift */; };
		8446158B283F57C600E26DA4 /* AASerializable.swift in Sources */ = {isa = PBXBuildFile; fileRef = 84461586283F57C500E26DA4 /* AASerializable.swift */; };
		8446158C283F57C600E26DA4 /* AASeriesElement.swift in Sources */ = {isa = PBXBuildFile; fileRef = 84461587283F57C500E26DA4 /* AASeriesElement.swift */; };
		8446158D283F57C600E26DA4 /* AAChartModel.swift in Sources */ = {isa = PBXBuildFile; fileRef = 84461588283F57C600E26DA4 /* AAChartModel.swift */; };
		844615A6283F580300E26DA4 /* AAMarker.swift in Sources */ = {isa = PBXBuildFile; fileRef = 8446158E283F580100E26DA4 /* AAMarker.swift */; };
		844615A7283F580300E26DA4 /* AAChart.swift in Sources */ = {isa = PBXBuildFile; fileRef = 8446158F283F580100E26DA4 /* AAChart.swift */; };
		844615A8283F580300E26DA4 /* AAStyle.swift in Sources */ = {isa = PBXBuildFile; fileRef = 84461590283F580100E26DA4 /* AAStyle.swift */; };
		844615A9283F580300E26DA4 /* AAScrollablePlotArea.swift in Sources */ = {isa = PBXBuildFile; fileRef = 84461591283F580100E26DA4 /* AAScrollablePlotArea.swift */; };
		844615AA283F580300E26DA4 /* AAAxis.swift in Sources */ = {isa = PBXBuildFile; fileRef = 84461592283F580100E26DA4 /* AAAxis.swift */; };
		844615AB283F580300E26DA4 /* AALegend.swift in Sources */ = {isa = PBXBuildFile; fileRef = 84461593283F580100E26DA4 /* AALegend.swift */; };
		844615AC283F580300E26DA4 /* AADataLabels.swift in Sources */ = {isa = PBXBuildFile; fileRef = 84461594283F580100E26DA4 /* AADataLabels.swift */; };
		844615AD283F580300E26DA4 /* AALabels.swift in Sources */ = {isa = PBXBuildFile; fileRef = 84461595283F580100E26DA4 /* AALabels.swift */; };
		844615AE283F580300E26DA4 /* AAPlotLinesElement.swift in Sources */ = {isa = PBXBuildFile; fileRef = 84461596283F580200E26DA4 /* AAPlotLinesElement.swift */; };
		844615AF283F580300E26DA4 /* AACredits.swift in Sources */ = {isa = PBXBuildFile; fileRef = 84461597283F580200E26DA4 /* AACredits.swift */; };
		844615B0283F580300E26DA4 /* AALabel.swift in Sources */ = {isa = PBXBuildFile; fileRef = 84461598283F580200E26DA4 /* AALabel.swift */; };
		844615B1283F580300E26DA4 /* AACrosshair.swift in Sources */ = {isa = PBXBuildFile; fileRef = 84461599283F580200E26DA4 /* AACrosshair.swift */; };
		844615B2283F580300E26DA4 /* AAPane.swift in Sources */ = {isa = PBXBuildFile; fileRef = 8446159A283F580200E26DA4 /* AAPane.swift */; };
		844615B3283F580300E26DA4 /* AAPlotOptions.swift in Sources */ = {isa = PBXBuildFile; fileRef = 8446159B283F580200E26DA4 /* AAPlotOptions.swift */; };
		844615B4283F580300E26DA4 /* AAAnimation.swift in Sources */ = {isa = PBXBuildFile; fileRef = 8446159C283F580200E26DA4 /* AAAnimation.swift */; };
		844615B5283F580300E26DA4 /* AAPlotBandsElement.swift in Sources */ = {isa = PBXBuildFile; fileRef = 8446159D283F580200E26DA4 /* AAPlotBandsElement.swift */; };
		844615B6283F580300E26DA4 /* AALang.swift in Sources */ = {isa = PBXBuildFile; fileRef = 8446159E283F580200E26DA4 /* AALang.swift */; };
		844615B7283F580300E26DA4 /* AAStates.swift in Sources */ = {isa = PBXBuildFile; fileRef = 8446159F283F580200E26DA4 /* AAStates.swift */; };
		844615B8283F580300E26DA4 /* AASubtitle.swift in Sources */ = {isa = PBXBuildFile; fileRef = 844615A0283F580200E26DA4 /* AASubtitle.swift */; };
		844615B9283F580300E26DA4 /* AATitle.swift in Sources */ = {isa = PBXBuildFile; fileRef = 844615A1283F580300E26DA4 /* AATitle.swift */; };
		844615BA283F580300E26DA4 /* AATooltip.swift in Sources */ = {isa = PBXBuildFile; fileRef = 844615A2283F580300E26DA4 /* AATooltip.swift */; };
		844615BB283F580300E26DA4 /* AASeries.swift in Sources */ = {isa = PBXBuildFile; fileRef = 844615A3283F580300E26DA4 /* AASeries.swift */; };
		844615BC283F580300E26DA4 /* AAXAxis.swift in Sources */ = {isa = PBXBuildFile; fileRef = 844615A4283F580300E26DA4 /* AAXAxis.swift */; };
		844615BD283F580300E26DA4 /* AAYAxis.swift in Sources */ = {isa = PBXBuildFile; fileRef = 844615A5283F580300E26DA4 /* AAYAxis.swift */; };
		84526DF72CEB305800EB2563 /* AAOptions+Drilldown.swift in Sources */ = {isa = PBXBuildFile; fileRef = 84526DF62CEB305800EB2563 /* AAOptions+Drilldown.swift */; };
		84526DF92CEB310200EB2563 /* AADrilldown.swift in Sources */ = {isa = PBXBuildFile; fileRef = 84526DF82CEB310200EB2563 /* AADrilldown.swift */; };
		84526DFB2CEB332600EB2563 /* AADrilldownChartComposer.swift in Sources */ = {isa = PBXBuildFile; fileRef = 84526DFA2CEB332600EB2563 /* AADrilldownChartComposer.swift */; };
		84526DFD2CEB35D700EB2563 /* AADrilldownChartVC.swift in Sources */ = {isa = PBXBuildFile; fileRef = 84526DFC2CEB35D700EB2563 /* AADrilldownChartVC.swift */; };
		84526DFF2CEB374800EB2563 /* AADrilldown.js in Resources */ = {isa = PBXBuildFile; fileRef = 84526DFE2CEB374800EB2563 /* AADrilldown.js */; };
		84526E032CEB3BCD00EB2563 /* AABoost.swift in Sources */ = {isa = PBXBuildFile; fileRef = 84526E022CEB3BCD00EB2563 /* AABoost.swift */; };
		84526E052CEB3CA500EB2563 /* AAOptions+Boost.swift in Sources */ = {isa = PBXBuildFile; fileRef = 84526E042CEB3CA500EB2563 /* AAOptions+Boost.swift */; };
		84526E072CEB3DD700EB2563 /* AABoostChartComposer.swift in Sources */ = {isa = PBXBuildFile; fileRef = 84526E062CEB3DD700EB2563 /* AABoostChartComposer.swift */; };
		84526E092CEB3F1E00EB2563 /* AABoostChartVC.swift in Sources */ = {isa = PBXBuildFile; fileRef = 84526E082CEB3F1E00EB2563 /* AABoostChartVC.swift */; };
		84526E0B2CEB401500EB2563 /* AABoost.js in Resources */ = {isa = PBXBuildFile; fileRef = 84526E0A2CEB401500EB2563 /* AABoost.js */; };
		84A5691127FEC88700883553 /* streamgraphSeries.json in Resources */ = {isa = PBXBuildFile; fileRef = 84A5690F27FEC88700883553 /* streamgraphSeries.json */; };
		84A5691227FEC88700883553 /* packedbubbleSeries.json in Resources */ = {isa = PBXBuildFile; fileRef = 84A5691027FEC88700883553 /* packedbubbleSeries.json */; };
		84A5693127FEC89F00883553 /* sankeyData.json in Resources */ = {isa = PBXBuildFile; fileRef = 84A5691327FEC89B00883553 /* sankeyData.json */; };
		84A5693227FEC89F00883553 /* organizationNodesData.json in Resources */ = {isa = PBXBuildFile; fileRef = 84A5691427FEC89B00883553 /* organizationNodesData.json */; };
		84A5693327FEC89F00883553 /* lollipopData.json in Resources */ = {isa = PBXBuildFile; fileRef = 84A5691527FEC89B00883553 /* lollipopData.json */; };
		84A5693427FEC89F00883553 /* networkgraphData.json in Resources */ = {isa = PBXBuildFile; fileRef = 84A5691627FEC89B00883553 /* networkgraphData.json */; };
		84A5693527FEC89F00883553 /* eulerData.json in Resources */ = {isa = PBXBuildFile; fileRef = 84A5691727FEC89C00883553 /* eulerData.json */; };
		84A5693627FEC89F00883553 /* wordcloudData.json in Resources */ = {isa = PBXBuildFile; fileRef = 84A5691827FEC89C00883553 /* wordcloudData.json */; };
		84A5693727FEC89F00883553 /* bigHeatmapData.json in Resources */ = {isa = PBXBuildFile; fileRef = 84A5691927FEC89C00883553 /* bigHeatmapData.json */; };
		84A5693827FEC89F00883553 /* drilldownTreemapData.json in Resources */ = {isa = PBXBuildFile; fileRef = 84A5691A27FEC89C00883553 /* drilldownTreemapData.json */; };
		84A5693927FEC89F00883553 /* treemapWithLevelsData.json in Resources */ = {isa = PBXBuildFile; fileRef = 84A5691B27FEC89C00883553 /* treemapWithLevelsData.json */; };
		84A5693A27FEC89F00883553 /* heatmapData.json in Resources */ = {isa = PBXBuildFile; fileRef = 84A5691C27FEC89C00883553 /* heatmapData.json */; };
		84A5693B27FEC89F00883553 /* flameData.json in Resources */ = {isa = PBXBuildFile; fileRef = 84A5691D27FEC89C00883553 /* flameData.json */; };
		84A5693C27FEC89F00883553 /* vennData.json in Resources */ = {isa = PBXBuildFile; fileRef = 84A5691E27FEC89C00883553 /* vennData.json */; };
		84A5693D27FEC89F00883553 /* organizationData.json in Resources */ = {isa = PBXBuildFile; fileRef = 84A5691F27FEC89D00883553 /* organizationData.json */; };
		84A5693E27FEC89F00883553 /* bellcurveData.json in Resources */ = {isa = PBXBuildFile; fileRef = 84A5692027FEC89D00883553 /* bellcurveData.json */; };
		84A5693F27FEC89F00883553 /* variwideData.json in Resources */ = {isa = PBXBuildFile; fileRef = 84A5692127FEC89D00883553 /* variwideData.json */; };
		84A5694027FEC89F00883553 /* itemData.json in Resources */ = {isa = PBXBuildFile; fileRef = 84A5692227FEC89D00883553 /* itemData.json */; };
		84A5694127FEC89F00883553 /* tilemapData.json in Resources */ = {isa = PBXBuildFile; fileRef = 84A5692327FEC89D00883553 /* tilemapData.json */; };
		84A5694227FEC89F00883553 /* variablepieData.json in Resources */ = {isa = PBXBuildFile; fileRef = 84A5692427FEC89D00883553 /* variablepieData.json */; };
		84A5694327FEC89F00883553 /* sunburst2Data.json in Resources */ = {isa = PBXBuildFile; fileRef = 84A5692527FEC89D00883553 /* sunburst2Data.json */; };
		84A5694427FEC89F00883553 /* treemapWithColorAxisData.json in Resources */ = {isa = PBXBuildFile; fileRef = 84A5692627FEC89D00883553 /* treemapWithColorAxisData.json */; };
		84A5694527FEC89F00883553 /* windbarbData.json in Resources */ = {isa = PBXBuildFile; fileRef = 84A5692727FEC89D00883553 /* windbarbData.json */; };
		84A5694627FEC89F00883553 /* dependencywheelData.json in Resources */ = {isa = PBXBuildFile; fileRef = 84A5692827FEC89E00883553 /* dependencywheelData.json */; };
		84A5694727FEC89F00883553 /* arcdiagram1Data.json in Resources */ = {isa = PBXBuildFile; fileRef = 84A5692927FEC89E00883553 /* arcdiagram1Data.json */; };
		84A5694827FEC89F00883553 /* arcdiagram2Data.json in Resources */ = {isa = PBXBuildFile; fileRef = 84A5692A27FEC89E00883553 /* arcdiagram2Data.json */; };
		84A5694927FEC89F00883553 /* columnpyramidData.json in Resources */ = {isa = PBXBuildFile; fileRef = 84A5692B27FEC89E00883553 /* columnpyramidData.json */; };
		84A5694A27FEC89F00883553 /* sunburstData.json in Resources */ = {isa = PBXBuildFile; fileRef = 84A5692C27FEC89E00883553 /* sunburstData.json */; };
		84A5694B27FEC89F00883553 /* timelineData.json in Resources */ = {isa = PBXBuildFile; fileRef = 84A5692D27FEC89E00883553 /* timelineData.json */; };
		84A5694C27FEC89F00883553 /* dumbbellData.json in Resources */ = {isa = PBXBuildFile; fileRef = 84A5692E27FEC89E00883553 /* dumbbellData.json */; };
		84A5694D27FEC89F00883553 /* vectorData.json in Resources */ = {isa = PBXBuildFile; fileRef = 84A5692F27FEC89F00883553 /* vectorData.json */; };
		84A5694E27FEC89F00883553 /* arcdiagram3Data.json in Resources */ = {isa = PBXBuildFile; fileRef = 84A5693027FEC89F00883553 /* arcdiagram3Data.json */; };
		84B13EE92897A953007356C6 /* AAItem.swift in Sources */ = {isa = PBXBuildFile; fileRef = 84B13EE82897A953007356C6 /* AAItem.swift */; };
		84B13EEB28990388007356C6 /* CustomClickEventCallbackMessageVC.swift in Sources */ = {isa = PBXBuildFile; fileRef = 84B13EEA28990388007356C6 /* CustomClickEventCallbackMessageVC.swift */; };
		84B13F2F289BDB5F007356C6 /* AASolidgaugeDataElement.swift in Sources */ = {isa = PBXBuildFile; fileRef = 84B13F2E289BDB5F007356C6 /* AASolidgaugeDataElement.swift */; };
		84B13F31289CAFB2007356C6 /* AASolidgauge.swift in Sources */ = {isa = PBXBuildFile; fileRef = 84B13F30289CAFB2007356C6 /* AASolidgauge.swift */; };
		84B13F33289D09EA007356C6 /* AAHeatmap.swift in Sources */ = {isa = PBXBuildFile; fileRef = 84B13F32289D09EA007356C6 /* AAHeatmap.swift */; };
		84B13F35289D12DF007356C6 /* AAData.swift in Sources */ = {isa = PBXBuildFile; fileRef = 84B13F34289D12DF007356C6 /* AAData.swift */; };
		84B13F37289E1248007356C6 /* AAOptionsCSV.swift in Sources */ = {isa = PBXBuildFile; fileRef = 84B13F36289E1248007356C6 /* AAOptionsCSV.swift */; };
		84B13F39289E15DB007356C6 /* marathonData.json in Resources */ = {isa = PBXBuildFile; fileRef = 84B13F38289E15DB007356C6 /* marathonData.json */; };
		84B13F3B289E2CA0007356C6 /* AAParallelAxes.swift in Sources */ = {isa = PBXBuildFile; fileRef = 84B13F3A289E2CA0007356C6 /* AAParallelAxes.swift */; };
		84B13F3D289E5FAB007356C6 /* AABulletDataElement.swift in Sources */ = {isa = PBXBuildFile; fileRef = 84B13F3C289E5FAB007356C6 /* AABulletDataElement.swift */; };
		84DEB8B628FAE48300BF9423 /* AARelationshipChartVC.swift in Sources */ = {isa = PBXBuildFile; fileRef = 84DEB8B528FAE48300BF9423 /* AARelationshipChartVC.swift */; };
		84DEB8B828FAE4DF00BF9423 /* AAHeatOrTreeMapChartVC.swift in Sources */ = {isa = PBXBuildFile; fileRef = 84DEB8B728FAE4DF00BF9423 /* AAHeatOrTreeMapChartVC.swift */; };
		84DEB8BA28FAE4F300BF9423 /* AABubbleChartVC.swift in Sources */ = {isa = PBXBuildFile; fileRef = 84DEB8B928FAE4F300BF9423 /* AABubbleChartVC.swift */; };
		84DEB8BC28FAE50500BF9423 /* AAColumnVariantChartVC.swift in Sources */ = {isa = PBXBuildFile; fileRef = 84DEB8BB28FAE50500BF9423 /* AAColumnVariantChartVC.swift */; };
		84DEB8BE28FAE54500BF9423 /* AARelationshipChartComposer.swift in Sources */ = {isa = PBXBuildFile; fileRef = 84DEB8BD28FAE54500BF9423 /* AARelationshipChartComposer.swift */; };
		84DEB8C028FAE57B00BF9423 /* AAHeatOrTreeMapChartComposer.swift in Sources */ = {isa = PBXBuildFile; fileRef = 84DEB8BF28FAE57B00BF9423 /* AAHeatOrTreeMapChartComposer.swift */; };
		84DEB8C228FAE58C00BF9423 /* AABubbleChartComposer.swift in Sources */ = {isa = PBXBuildFile; fileRef = 84DEB8C128FAE58C00BF9423 /* AABubbleChartComposer.swift */; };
		84DEB8C428FAE59F00BF9423 /* AAColumnVariantChartComposer.swift in Sources */ = {isa = PBXBuildFile; fileRef = 84DEB8C328FAE59F00BF9423 /* AAColumnVariantChartComposer.swift */; };
		84DEB8C828FAF3C800BF9423 /* simpleDependencyWheelData.json in Resources */ = {isa = PBXBuildFile; fileRef = 84DEB8C528FAF3C700BF9423 /* simpleDependencyWheelData.json */; };
		84DEB8C928FAF3C800BF9423 /* volinPlotElement1Data.json in Resources */ = {isa = PBXBuildFile; fileRef = 84DEB8C628FAF3C700BF9423 /* volinPlotElement1Data.json */; };
		84DEB8CA28FAF3C800BF9423 /* volinPlotElement2Data.json in Resources */ = {isa = PBXBuildFile; fileRef = 84DEB8C728FAF3C700BF9423 /* volinPlotElement2Data.json */; };
/* End PBXBuildFile section */

/* Begin PBXContainerItemProxy section */
		44D27C86255A3CB300D0C636 /* PBXContainerItemProxy */ = {
			isa = PBXContainerItemProxy;
			containerPortal = 44D27C67255A3CAF00D0C636 /* Project object */;
			proxyType = 1;
			remoteGlobalIDString = 44D27C6E255A3CAF00D0C636;
			remoteInfo = "AAInfographics-ProDemo";
		};
		44D27C91255A3CB400D0C636 /* PBXContainerItemProxy */ = {
			isa = PBXContainerItemProxy;
			containerPortal = 44D27C67255A3CAF00D0C636 /* Project object */;
			proxyType = 1;
			remoteGlobalIDString = 44D27C6E255A3CAF00D0C636;
			remoteInfo = "AAInfographics-ProDemo";
		};
/* End PBXContainerItemProxy section */

/* Begin PBXFileReference section */
		27F872A925E797690068380F /* ProjectBundlePathLoader.swift */ = {isa = PBXFileReference; fileEncoding = 4; lastKnownFileType = sourcecode.swift; path = ProjectBundlePathLoader.swift; sourceTree = "<group>"; };
		4490AFC8255C08B300C27B2D /* AAInfographics-ProDemo.entitlements */ = {isa = PBXFileReference; lastKnownFileType = text.plist.entitlements; path = "AAInfographics-ProDemo.entitlements"; sourceTree = "<group>"; };
		44D27C6F255A3CAF00D0C636 /* AAInfographics-ProDemo.app */ = {isa = PBXFileReference; explicitFileType = wrapper.application; includeInIndex = 0; path = "AAInfographics-ProDemo.app"; sourceTree = BUILT_PRODUCTS_DIR; };
		44D27C72255A3CAF00D0C636 /* AppDelegate.swift */ = {isa = PBXFileReference; lastKnownFileType = sourcecode.swift; path = AppDelegate.swift; sourceTree = "<group>"; };
		44D27C74255A3CAF00D0C636 /* SceneDelegate.swift */ = {isa = PBXFileReference; lastKnownFileType = sourcecode.swift; path = SceneDelegate.swift; sourceTree = "<group>"; };
		44D27C76255A3CAF00D0C636 /* ViewController.swift */ = {isa = PBXFileReference; lastKnownFileType = sourcecode.swift; path = ViewController.swift; sourceTree = "<group>"; };
		44D27C79255A3CAF00D0C636 /* Base */ = {isa = PBXFileReference; lastKnownFileType = file.storyboard; name = Base; path = Base.lproj/Main.storyboard; sourceTree = "<group>"; };
		44D27C7B255A3CB300D0C636 /* Assets.xcassets */ = {isa = PBXFileReference; lastKnownFileType = folder.assetcatalog; path = Assets.xcassets; sourceTree = "<group>"; };
		44D27C7E255A3CB300D0C636 /* Base */ = {isa = PBXFileReference; lastKnownFileType = file.storyboard; name = Base; path = Base.lproj/LaunchScreen.storyboard; sourceTree = "<group>"; };
		44D27C80255A3CB300D0C636 /* Info.plist */ = {isa = PBXFileReference; lastKnownFileType = text.plist.xml; path = Info.plist; sourceTree = "<group>"; };
		44D27C85255A3CB300D0C636 /* AAInfographics-ProDemoTests.xctest */ = {isa = PBXFileReference; explicitFileType = wrapper.cfbundle; includeInIndex = 0; path = "AAInfographics-ProDemoTests.xctest"; sourceTree = BUILT_PRODUCTS_DIR; };
		44D27C89255A3CB300D0C636 /* AAInfographics_ProDemoTests.swift */ = {isa = PBXFileReference; lastKnownFileType = sourcecode.swift; path = AAInfographics_ProDemoTests.swift; sourceTree = "<group>"; };
		44D27C8B255A3CB400D0C636 /* Info.plist */ = {isa = PBXFileReference; lastKnownFileType = text.plist.xml; path = Info.plist; sourceTree = "<group>"; };
		44D27C90255A3CB400D0C636 /* AAInfographics-ProDemoUITests.xctest */ = {isa = PBXFileReference; explicitFileType = wrapper.cfbundle; includeInIndex = 0; path = "AAInfographics-ProDemoUITests.xctest"; sourceTree = BUILT_PRODUCTS_DIR; };
		44D27C94255A3CB400D0C636 /* AAInfographics_ProDemoUITests.swift */ = {isa = PBXFileReference; lastKnownFileType = sourcecode.swift; path = AAInfographics_ProDemoUITests.swift; sourceTree = "<group>"; };
		44D27C96255A3CB400D0C636 /* Info.plist */ = {isa = PBXFileReference; lastKnownFileType = text.plist.xml; path = Info.plist; sourceTree = "<group>"; };
		44D27D7E255A631500D0C636 /* AABaseChartVC.swift */ = {isa = PBXFileReference; fileEncoding = 4; lastKnownFileType = sourcecode.swift; path = AABaseChartVC.swift; sourceTree = "<group>"; };
		44D27DA3255A64A700D0C636 /* MainVC.swift */ = {isa = PBXFileReference; fileEncoding = 4; lastKnownFileType = sourcecode.swift; path = MainVC.swift; sourceTree = "<group>"; };
		44D27DAB255A6C0700D0C636 /* AAJSFiles.bundle */ = {isa = PBXFileReference; lastKnownFileType = "wrapper.plug-in"; path = AAJSFiles.bundle; sourceTree = "<group>"; };
		44D27DEA255A6DD100D0C636 /* AAColorAxis.swift */ = {isa = PBXFileReference; lastKnownFileType = sourcecode.swift; path = AAColorAxis.swift; sourceTree = "<group>"; };
		44D27DF2255A706C00D0C636 /* AALevelsElement.swift */ = {isa = PBXFileReference; lastKnownFileType = sourcecode.swift; path = AALevelsElement.swift; sourceTree = "<group>"; };
		44D27DF7255A726400D0C636 /* AAPackedbubble.swift */ = {isa = PBXFileReference; lastKnownFileType = sourcecode.swift; path = AAPackedbubble.swift; sourceTree = "<group>"; };
		44D27DFC255A733D00D0C636 /* AATreemap.swift */ = {isa = PBXFileReference; lastKnownFileType = sourcecode.swift; path = AATreemap.swift; sourceTree = "<group>"; };
		44D27E01255A735700D0C636 /* AALayoutAlgorithm.swift */ = {isa = PBXFileReference; lastKnownFileType = sourcecode.swift; path = AALayoutAlgorithm.swift; sourceTree = "<group>"; };
		44D27E06255A793200D0C636 /* AAOptionsData.swift */ = {isa = PBXFileReference; lastKnownFileType = sourcecode.swift; path = AAOptionsData.swift; sourceTree = "<group>"; };
		44D27E0B255ADE1E00D0C636 /* AAOptionsSeries.swift */ = {isa = PBXFileReference; lastKnownFileType = sourcecode.swift; path = AAOptionsSeries.swift; sourceTree = "<group>"; };
		44D27E10255ADF1300D0C636 /* ChartProVC.swift */ = {isa = PBXFileReference; lastKnownFileType = sourcecode.swift; path = ChartProVC.swift; sourceTree = "<group>"; };
		5860351659A57677CB0A6D84 /* simpleTilemapData.json */ = {isa = PBXFileReference; fileEncoding = 4; lastKnownFileType = text.json; path = simpleTilemapData.json; sourceTree = "<group>"; };
		58603C0A468CDC4C59D49149 /* tilemapForAfricaData.json */ = {isa = PBXFileReference; fileEncoding = 4; lastKnownFileType = text.json; path = tilemapForAfricaData.json; sourceTree = "<group>"; };
		8418479628B861D200094106 /* AABoxplot.swift */ = {isa = PBXFileReference; fileEncoding = 4; lastKnownFileType = sourcecode.swift; path = AABoxplot.swift; sourceTree = "<group>"; };
		8441A75E26C2568E007EAAA7 /* AAExtension.swift */ = {isa = PBXFileReference; fileEncoding = 4; lastKnownFileType = sourcecode.swift; path = AAExtension.swift; sourceTree = "<group>"; };
		8441A75F26C2568F007EAAA7 /* AAColor.swift */ = {isa = PBXFileReference; fileEncoding = 4; lastKnownFileType = sourcecode.swift; path = AAColor.swift; sourceTree = "<group>"; };
		8441A76026C2568F007EAAA7 /* AAGradientColor.swift */ = {isa = PBXFileReference; fileEncoding = 4; lastKnownFileType = sourcecode.swift; path = AAGradientColor.swift; sourceTree = "<group>"; };
		84461584283F57C500E26DA4 /* AAOptions.swift */ = {isa = PBXFileReference; fileEncoding = 4; lastKnownFileType = sourcecode.swift; path = AAOptions.swift; sourceTree = "<group>"; };
		84461585283F57C500E26DA4 /* AAChartView.swift */ = {isa = PBXFileReference; fileEncoding = 4; lastKnownFileType = sourcecode.swift; path = AAChartView.swift; sourceTree = "<group>"; };
		84461586283F57C500E26DA4 /* AASerializable.swift */ = {isa = PBXFileReference; fileEncoding = 4; lastKnownFileType = sourcecode.swift; path = AASerializable.swift; sourceTree = "<group>"; };
		84461587283F57C500E26DA4 /* AASeriesElement.swift */ = {isa = PBXFileReference; fileEncoding = 4; lastKnownFileType = sourcecode.swift; path = AASeriesElement.swift; sourceTree = "<group>"; };
		84461588283F57C600E26DA4 /* AAChartModel.swift */ = {isa = PBXFileReference; fileEncoding = 4; lastKnownFileType = sourcecode.swift; path = AAChartModel.swift; sourceTree = "<group>"; };
		8446158E283F580100E26DA4 /* AAMarker.swift */ = {isa = PBXFileReference; fileEncoding = 4; lastKnownFileType = sourcecode.swift; path = AAMarker.swift; sourceTree = "<group>"; };
		8446158F283F580100E26DA4 /* AAChart.swift */ = {isa = PBXFileReference; fileEncoding = 4; lastKnownFileType = sourcecode.swift; path = AAChart.swift; sourceTree = "<group>"; };
		84461590283F580100E26DA4 /* AAStyle.swift */ = {isa = PBXFileReference; fileEncoding = 4; lastKnownFileType = sourcecode.swift; path = AAStyle.swift; sourceTree = "<group>"; };
		84461591283F580100E26DA4 /* AAScrollablePlotArea.swift */ = {isa = PBXFileReference; fileEncoding = 4; lastKnownFileType = sourcecode.swift; path = AAScrollablePlotArea.swift; sourceTree = "<group>"; };
		84461592283F580100E26DA4 /* AAAxis.swift */ = {isa = PBXFileReference; fileEncoding = 4; lastKnownFileType = sourcecode.swift; path = AAAxis.swift; sourceTree = "<group>"; };
		84461593283F580100E26DA4 /* AALegend.swift */ = {isa = PBXFileReference; fileEncoding = 4; lastKnownFileType = sourcecode.swift; path = AALegend.swift; sourceTree = "<group>"; };
		84461594283F580100E26DA4 /* AADataLabels.swift */ = {isa = PBXFileReference; fileEncoding = 4; lastKnownFileType = sourcecode.swift; path = AADataLabels.swift; sourceTree = "<group>"; };
		84461595283F580100E26DA4 /* AALabels.swift */ = {isa = PBXFileReference; fileEncoding = 4; lastKnownFileType = sourcecode.swift; path = AALabels.swift; sourceTree = "<group>"; };
		84461596283F580200E26DA4 /* AAPlotLinesElement.swift */ = {isa = PBXFileReference; fileEncoding = 4; lastKnownFileType = sourcecode.swift; path = AAPlotLinesElement.swift; sourceTree = "<group>"; };
		84461597283F580200E26DA4 /* AACredits.swift */ = {isa = PBXFileReference; fileEncoding = 4; lastKnownFileType = sourcecode.swift; path = AACredits.swift; sourceTree = "<group>"; };
		84461598283F580200E26DA4 /* AALabel.swift */ = {isa = PBXFileReference; fileEncoding = 4; lastKnownFileType = sourcecode.swift; path = AALabel.swift; sourceTree = "<group>"; };
		84461599283F580200E26DA4 /* AACrosshair.swift */ = {isa = PBXFileReference; fileEncoding = 4; lastKnownFileType = sourcecode.swift; path = AACrosshair.swift; sourceTree = "<group>"; };
		8446159A283F580200E26DA4 /* AAPane.swift */ = {isa = PBXFileReference; fileEncoding = 4; lastKnownFileType = sourcecode.swift; path = AAPane.swift; sourceTree = "<group>"; };
		8446159B283F580200E26DA4 /* AAPlotOptions.swift */ = {isa = PBXFileReference; fileEncoding = 4; lastKnownFileType = sourcecode.swift; path = AAPlotOptions.swift; sourceTree = "<group>"; };
		8446159C283F580200E26DA4 /* AAAnimation.swift */ = {isa = PBXFileReference; fileEncoding = 4; lastKnownFileType = sourcecode.swift; path = AAAnimation.swift; sourceTree = "<group>"; };
		8446159D283F580200E26DA4 /* AAPlotBandsElement.swift */ = {isa = PBXFileReference; fileEncoding = 4; lastKnownFileType = sourcecode.swift; path = AAPlotBandsElement.swift; sourceTree = "<group>"; };
		8446159E283F580200E26DA4 /* AALang.swift */ = {isa = PBXFileReference; fileEncoding = 4; lastKnownFileType = sourcecode.swift; path = AALang.swift; sourceTree = "<group>"; };
		8446159F283F580200E26DA4 /* AAStates.swift */ = {isa = PBXFileReference; fileEncoding = 4; lastKnownFileType = sourcecode.swift; path = AAStates.swift; sourceTree = "<group>"; };
		844615A0283F580200E26DA4 /* AASubtitle.swift */ = {isa = PBXFileReference; fileEncoding = 4; lastKnownFileType = sourcecode.swift; path = AASubtitle.swift; sourceTree = "<group>"; };
		844615A1283F580300E26DA4 /* AATitle.swift */ = {isa = PBXFileReference; fileEncoding = 4; lastKnownFileType = sourcecode.swift; path = AATitle.swift; sourceTree = "<group>"; };
		844615A2283F580300E26DA4 /* AATooltip.swift */ = {isa = PBXFileReference; fileEncoding = 4; lastKnownFileType = sourcecode.swift; path = AATooltip.swift; sourceTree = "<group>"; };
		844615A3283F580300E26DA4 /* AASeries.swift */ = {isa = PBXFileReference; fileEncoding = 4; lastKnownFileType = sourcecode.swift; path = AASeries.swift; sourceTree = "<group>"; };
		844615A4283F580300E26DA4 /* AAXAxis.swift */ = {isa = PBXFileReference; fileEncoding = 4; lastKnownFileType = sourcecode.swift; path = AAXAxis.swift; sourceTree = "<group>"; };
		844615A5283F580300E26DA4 /* AAYAxis.swift */ = {isa = PBXFileReference; fileEncoding = 4; lastKnownFileType = sourcecode.swift; path = AAYAxis.swift; sourceTree = "<group>"; };
		84526DF62CEB305800EB2563 /* AAOptions+Drilldown.swift */ = {isa = PBXFileReference; lastKnownFileType = sourcecode.swift; path = "AAOptions+Drilldown.swift"; sourceTree = "<group>"; };
		84526DF82CEB310200EB2563 /* AADrilldown.swift */ = {isa = PBXFileReference; fileEncoding = 4; lastKnownFileType = sourcecode.swift; name = AADrilldown.swift; path = "AAInfographics-ProDemo/Demo/AAPlugins/AADrilldown/AADrilldown.swift"; sourceTree = SOURCE_ROOT; };
		84526DFA2CEB332600EB2563 /* AADrilldownChartComposer.swift */ = {isa = PBXFileReference; fileEncoding = 4; lastKnownFileType = sourcecode.swift; name = AADrilldownChartComposer.swift; path = "AAInfographics-ProDemo/Demo/AAPlugins/AADrilldown/AADrilldownChartComposer.swift"; sourceTree = SOURCE_ROOT; };
		84526DFC2CEB35D700EB2563 /* AADrilldownChartVC.swift */ = {isa = PBXFileReference; fileEncoding = 4; lastKnownFileType = sourcecode.swift; name = AADrilldownChartVC.swift; path = "AAInfographics-ProDemo/Demo/AAPlugins/AADrilldown/AADrilldownChartVC.swift"; sourceTree = SOURCE_ROOT; };
		84526DFE2CEB374800EB2563 /* AADrilldown.js */ = {isa = PBXFileReference; fileEncoding = 4; lastKnownFileType = sourcecode.javascript; path = AADrilldown.js; sourceTree = "<group>"; };
		84526E022CEB3BCD00EB2563 /* AABoost.swift */ = {isa = PBXFileReference; lastKnownFileType = sourcecode.swift; path = AABoost.swift; sourceTree = "<group>"; };
		84526E042CEB3CA500EB2563 /* AAOptions+Boost.swift */ = {isa = PBXFileReference; fileEncoding = 4; lastKnownFileType = sourcecode.swift; name = "AAOptions+Boost.swift"; path = "AAInfographics-ProDemo/Demo/AAPlugins/AADrilldown/AAOptions+Boost.swift"; sourceTree = SOURCE_ROOT; };
		84526E062CEB3DD700EB2563 /* AABoostChartComposer.swift */ = {isa = PBXFileReference; fileEncoding = 4; lastKnownFileType = sourcecode.swift; path = AABoostChartComposer.swift; sourceTree = "<group>"; };
		84526E082CEB3F1E00EB2563 /* AABoostChartVC.swift */ = {isa = PBXFileReference; fileEncoding = 4; lastKnownFileType = sourcecode.swift; name = AABoostChartVC.swift; path = "AAInfographics-ProDemo/Demo/AAPlugins/AADrilldown/AABoostChartVC.swift"; sourceTree = SOURCE_ROOT; };
		84526E0A2CEB401500EB2563 /* AABoost.js */ = {isa = PBXFileReference; fileEncoding = 4; lastKnownFileType = sourcecode.javascript; path = AABoost.js; sourceTree = "<group>"; };
		84A5690F27FEC88700883553 /* streamgraphSeries.json */ = {isa = PBXFileReference; fileEncoding = 4; lastKnownFileType = text.json; path = streamgraphSeries.json; sourceTree = "<group>"; };
		84A5691027FEC88700883553 /* packedbubbleSeries.json */ = {isa = PBXFileReference; fileEncoding = 4; lastKnownFileType = text.json; path = packedbubbleSeries.json; sourceTree = "<group>"; };
		84A5691327FEC89B00883553 /* sankeyData.json */ = {isa = PBXFileReference; fileEncoding = 4; lastKnownFileType = text.json; path = sankeyData.json; sourceTree = "<group>"; };
		84A5691427FEC89B00883553 /* organizationNodesData.json */ = {isa = PBXFileReference; fileEncoding = 4; lastKnownFileType = text.json; path = organizationNodesData.json; sourceTree = "<group>"; };
		84A5691527FEC89B00883553 /* lollipopData.json */ = {isa = PBXFileReference; fileEncoding = 4; lastKnownFileType = text.json; path = lollipopData.json; sourceTree = "<group>"; };
		84A5691627FEC89B00883553 /* networkgraphData.json */ = {isa = PBXFileReference; fileEncoding = 4; lastKnownFileType = text.json; path = networkgraphData.json; sourceTree = "<group>"; };
		84A5691727FEC89C00883553 /* eulerData.json */ = {isa = PBXFileReference; fileEncoding = 4; lastKnownFileType = text.json; path = eulerData.json; sourceTree = "<group>"; };
		84A5691827FEC89C00883553 /* wordcloudData.json */ = {isa = PBXFileReference; fileEncoding = 4; lastKnownFileType = text.json; path = wordcloudData.json; sourceTree = "<group>"; };
		84A5691927FEC89C00883553 /* bigHeatmapData.json */ = {isa = PBXFileReference; fileEncoding = 4; lastKnownFileType = text.json; path = bigHeatmapData.json; sourceTree = "<group>"; };
		84A5691A27FEC89C00883553 /* drilldownTreemapData.json */ = {isa = PBXFileReference; fileEncoding = 4; lastKnownFileType = text.json; path = drilldownTreemapData.json; sourceTree = "<group>"; };
		84A5691B27FEC89C00883553 /* treemapWithLevelsData.json */ = {isa = PBXFileReference; fileEncoding = 4; lastKnownFileType = text.json; path = treemapWithLevelsData.json; sourceTree = "<group>"; };
		84A5691C27FEC89C00883553 /* heatmapData.json */ = {isa = PBXFileReference; fileEncoding = 4; lastKnownFileType = text.json; path = heatmapData.json; sourceTree = "<group>"; };
		84A5691D27FEC89C00883553 /* flameData.json */ = {isa = PBXFileReference; fileEncoding = 4; lastKnownFileType = text.json; path = flameData.json; sourceTree = "<group>"; };
		84A5691E27FEC89C00883553 /* vennData.json */ = {isa = PBXFileReference; fileEncoding = 4; lastKnownFileType = text.json; path = vennData.json; sourceTree = "<group>"; };
		84A5691F27FEC89D00883553 /* organizationData.json */ = {isa = PBXFileReference; fileEncoding = 4; lastKnownFileType = text.json; path = organizationData.json; sourceTree = "<group>"; };
		84A5692027FEC89D00883553 /* bellcurveData.json */ = {isa = PBXFileReference; fileEncoding = 4; lastKnownFileType = text.json; path = bellcurveData.json; sourceTree = "<group>"; };
		84A5692127FEC89D00883553 /* variwideData.json */ = {isa = PBXFileReference; fileEncoding = 4; lastKnownFileType = text.json; path = variwideData.json; sourceTree = "<group>"; };
		84A5692227FEC89D00883553 /* itemData.json */ = {isa = PBXFileReference; fileEncoding = 4; lastKnownFileType = text.json; path = itemData.json; sourceTree = "<group>"; };
		84A5692327FEC89D00883553 /* tilemapData.json */ = {isa = PBXFileReference; fileEncoding = 4; lastKnownFileType = text.json; path = tilemapData.json; sourceTree = "<group>"; };
		84A5692427FEC89D00883553 /* variablepieData.json */ = {isa = PBXFileReference; fileEncoding = 4; lastKnownFileType = text.json; path = variablepieData.json; sourceTree = "<group>"; };
		84A5692527FEC89D00883553 /* sunburst2Data.json */ = {isa = PBXFileReference; fileEncoding = 4; lastKnownFileType = text.json; path = sunburst2Data.json; sourceTree = "<group>"; };
		84A5692627FEC89D00883553 /* treemapWithColorAxisData.json */ = {isa = PBXFileReference; fileEncoding = 4; lastKnownFileType = text.json; path = treemapWithColorAxisData.json; sourceTree = "<group>"; };
		84A5692727FEC89D00883553 /* windbarbData.json */ = {isa = PBXFileReference; fileEncoding = 4; lastKnownFileType = text.json; path = windbarbData.json; sourceTree = "<group>"; };
		84A5692827FEC89E00883553 /* dependencywheelData.json */ = {isa = PBXFileReference; fileEncoding = 4; lastKnownFileType = text.json; path = dependencywheelData.json; sourceTree = "<group>"; };
		84A5692927FEC89E00883553 /* arcdiagram1Data.json */ = {isa = PBXFileReference; fileEncoding = 4; lastKnownFileType = text.json; path = arcdiagram1Data.json; sourceTree = "<group>"; };
		84A5692A27FEC89E00883553 /* arcdiagram2Data.json */ = {isa = PBXFileReference; fileEncoding = 4; lastKnownFileType = text.json; path = arcdiagram2Data.json; sourceTree = "<group>"; };
		84A5692B27FEC89E00883553 /* columnpyramidData.json */ = {isa = PBXFileReference; fileEncoding = 4; lastKnownFileType = text.json; path = columnpyramidData.json; sourceTree = "<group>"; };
		84A5692C27FEC89E00883553 /* sunburstData.json */ = {isa = PBXFileReference; fileEncoding = 4; lastKnownFileType = text.json; path = sunburstData.json; sourceTree = "<group>"; };
		84A5692D27FEC89E00883553 /* timelineData.json */ = {isa = PBXFileReference; fileEncoding = 4; lastKnownFileType = text.json; path = timelineData.json; sourceTree = "<group>"; };
		84A5692E27FEC89E00883553 /* dumbbellData.json */ = {isa = PBXFileReference; fileEncoding = 4; lastKnownFileType = text.json; path = dumbbellData.json; sourceTree = "<group>"; };
		84A5692F27FEC89F00883553 /* vectorData.json */ = {isa = PBXFileReference; fileEncoding = 4; lastKnownFileType = text.json; path = vectorData.json; sourceTree = "<group>"; };
		84A5693027FEC89F00883553 /* arcdiagram3Data.json */ = {isa = PBXFileReference; fileEncoding = 4; lastKnownFileType = text.json; path = arcdiagram3Data.json; sourceTree = "<group>"; };
		84B13EE82897A953007356C6 /* AAItem.swift */ = {isa = PBXFileReference; lastKnownFileType = sourcecode.swift; path = AAItem.swift; sourceTree = "<group>"; };
		84B13EEA28990388007356C6 /* CustomClickEventCallbackMessageVC.swift */ = {isa = PBXFileReference; fileEncoding = 4; lastKnownFileType = sourcecode.swift; path = CustomClickEventCallbackMessageVC.swift; sourceTree = "<group>"; };
		84B13F2E289BDB5F007356C6 /* AASolidgaugeDataElement.swift */ = {isa = PBXFileReference; lastKnownFileType = sourcecode.swift; path = AASolidgaugeDataElement.swift; sourceTree = "<group>"; };
		84B13F30289CAFB2007356C6 /* AASolidgauge.swift */ = {isa = PBXFileReference; lastKnownFileType = sourcecode.swift; path = AASolidgauge.swift; sourceTree = "<group>"; };
		84B13F32289D09EA007356C6 /* AAHeatmap.swift */ = {isa = PBXFileReference; lastKnownFileType = sourcecode.swift; path = AAHeatmap.swift; sourceTree = "<group>"; };
		84B13F34289D12DF007356C6 /* AAData.swift */ = {isa = PBXFileReference; lastKnownFileType = sourcecode.swift; path = AAData.swift; sourceTree = "<group>"; };
		84B13F36289E1248007356C6 /* AAOptionsCSV.swift */ = {isa = PBXFileReference; lastKnownFileType = sourcecode.swift; path = AAOptionsCSV.swift; sourceTree = "<group>"; };
		84B13F38289E15DB007356C6 /* marathonData.json */ = {isa = PBXFileReference; fileEncoding = 4; lastKnownFileType = text.json; path = marathonData.json; sourceTree = "<group>"; };
		84B13F3A289E2CA0007356C6 /* AAParallelAxes.swift */ = {isa = PBXFileReference; lastKnownFileType = sourcecode.swift; path = AAParallelAxes.swift; sourceTree = "<group>"; };
		84B13F3C289E5FAB007356C6 /* AABulletDataElement.swift */ = {isa = PBXFileReference; lastKnownFileType = sourcecode.swift; path = AABulletDataElement.swift; sourceTree = "<group>"; };
		84B2386B283F6D4C00193B9A /* PackageBundlePathLoader.swift */ = {isa = PBXFileReference; lastKnownFileType = sourcecode.swift; path = PackageBundlePathLoader.swift; sourceTree = "<group>"; };
		84DEB8B528FAE48300BF9423 /* AARelationshipChartVC.swift */ = {isa = PBXFileReference; lastKnownFileType = sourcecode.swift; path = AARelationshipChartVC.swift; sourceTree = "<group>"; };
		84DEB8B728FAE4DF00BF9423 /* AAHeatOrTreeMapChartVC.swift */ = {isa = PBXFileReference; lastKnownFileType = sourcecode.swift; path = AAHeatOrTreeMapChartVC.swift; sourceTree = "<group>"; };
		84DEB8B928FAE4F300BF9423 /* AABubbleChartVC.swift */ = {isa = PBXFileReference; lastKnownFileType = sourcecode.swift; path = AABubbleChartVC.swift; sourceTree = "<group>"; };
		84DEB8BB28FAE50500BF9423 /* AAColumnVariantChartVC.swift */ = {isa = PBXFileReference; lastKnownFileType = sourcecode.swift; path = AAColumnVariantChartVC.swift; sourceTree = "<group>"; };
		84DEB8BD28FAE54500BF9423 /* AARelationshipChartComposer.swift */ = {isa = PBXFileReference; lastKnownFileType = sourcecode.swift; path = AARelationshipChartComposer.swift; sourceTree = "<group>"; };
		84DEB8BF28FAE57B00BF9423 /* AAHeatOrTreeMapChartComposer.swift */ = {isa = PBXFileReference; lastKnownFileType = sourcecode.swift; path = AAHeatOrTreeMapChartComposer.swift; sourceTree = "<group>"; };
		84DEB8C128FAE58C00BF9423 /* AABubbleChartComposer.swift */ = {isa = PBXFileReference; lastKnownFileType = sourcecode.swift; path = AABubbleChartComposer.swift; sourceTree = "<group>"; };
		84DEB8C328FAE59F00BF9423 /* AAColumnVariantChartComposer.swift */ = {isa = PBXFileReference; lastKnownFileType = sourcecode.swift; path = AAColumnVariantChartComposer.swift; sourceTree = "<group>"; };
		84DEB8C528FAF3C700BF9423 /* simpleDependencyWheelData.json */ = {isa = PBXFileReference; fileEncoding = 4; lastKnownFileType = text.json; path = simpleDependencyWheelData.json; sourceTree = "<group>"; };
		84DEB8C628FAF3C700BF9423 /* volinPlotElement1Data.json */ = {isa = PBXFileReference; fileEncoding = 4; lastKnownFileType = text.json; path = volinPlotElement1Data.json; sourceTree = "<group>"; };
		84DEB8C728FAF3C700BF9423 /* volinPlotElement2Data.json */ = {isa = PBXFileReference; fileEncoding = 4; lastKnownFileType = text.json; path = volinPlotElement2Data.json; sourceTree = "<group>"; };
/* End PBXFileReference section */

/* Begin PBXFrameworksBuildPhase section */
		44D27C6C255A3CAF00D0C636 /* Frameworks */ = {
			isa = PBXFrameworksBuildPhase;
			buildActionMask = 2147483647;
			files = (
			);
			runOnlyForDeploymentPostprocessing = 0;
		};
		44D27C82255A3CB300D0C636 /* Frameworks */ = {
			isa = PBXFrameworksBuildPhase;
			buildActionMask = 2147483647;
			files = (
			);
			runOnlyForDeploymentPostprocessing = 0;
		};
		44D27C8D255A3CB400D0C636 /* Frameworks */ = {
			isa = PBXFrameworksBuildPhase;
			buildActionMask = 2147483647;
			files = (
			);
			runOnlyForDeploymentPostprocessing = 0;
		};
/* End PBXFrameworksBuildPhase section */

/* Begin PBXGroup section */
		44D27C66255A3CAF00D0C636 = {
			isa = PBXGroup;
			children = (
				84B238C1283F707400193B9A /* AAInfographics-Pro */,
				44D27C71255A3CAF00D0C636 /* AAInfographics-ProDemo */,
				44D27C88255A3CB300D0C636 /* AAInfographics-ProDemoTests */,
				44D27C93255A3CB400D0C636 /* AAInfographics-ProDemoUITests */,
				44D27C70255A3CAF00D0C636 /* Products */,
			);
			sourceTree = "<group>";
		};
		44D27C70255A3CAF00D0C636 /* Products */ = {
			isa = PBXGroup;
			children = (
				44D27C6F255A3CAF00D0C636 /* AAInfographics-ProDemo.app */,
				44D27C85255A3CB300D0C636 /* AAInfographics-ProDemoTests.xctest */,
				44D27C90255A3CB400D0C636 /* AAInfographics-ProDemoUITests.xctest */,
			);
			name = Products;
			sourceTree = "<group>";
		};
		44D27C71255A3CAF00D0C636 /* AAInfographics-ProDemo */ = {
			isa = PBXGroup;
			children = (
				4490AFC8255C08B300C27B2D /* AAInfographics-ProDemo.entitlements */,
				44D27D76255A631500D0C636 /* Demo */,
				44D27C72255A3CAF00D0C636 /* AppDelegate.swift */,
				44D27C74255A3CAF00D0C636 /* SceneDelegate.swift */,
				44D27C76255A3CAF00D0C636 /* ViewController.swift */,
				44D27C78255A3CAF00D0C636 /* Main.storyboard */,
				44D27C7B255A3CB300D0C636 /* Assets.xcassets */,
				44D27C7D255A3CB300D0C636 /* LaunchScreen.storyboard */,
				44D27C80255A3CB300D0C636 /* Info.plist */,
			);
			path = "AAInfographics-ProDemo";
			sourceTree = "<group>";
		};
		44D27C88255A3CB300D0C636 /* AAInfographics-ProDemoTests */ = {
			isa = PBXGroup;
			children = (
				44D27C89255A3CB300D0C636 /* AAInfographics_ProDemoTests.swift */,
				44D27C8B255A3CB400D0C636 /* Info.plist */,
			);
			path = "AAInfographics-ProDemoTests";
			sourceTree = "<group>";
		};
		44D27C93255A3CB400D0C636 /* AAInfographics-ProDemoUITests */ = {
			isa = PBXGroup;
			children = (
				44D27C94255A3CB400D0C636 /* AAInfographics_ProDemoUITests.swift */,
				44D27C96255A3CB400D0C636 /* Info.plist */,
			);
			path = "AAInfographics-ProDemoUITests";
			sourceTree = "<group>";
		};
		44D27D32255A62F000D0C636 /* AAChartCreator */ = {
			isa = PBXGroup;
			children = (
				84461588283F57C600E26DA4 /* AAChartModel.swift */,
				84461585283F57C500E26DA4 /* AAChartView.swift */,
				84461584283F57C500E26DA4 /* AAOptions.swift */,
				84461586283F57C500E26DA4 /* AASerializable.swift */,
				84461587283F57C500E26DA4 /* AASeriesElement.swift */,
			);
			path = AAChartCreator;
			sourceTree = "<group>";
		};
		44D27D39255A62F000D0C636 /* AATool */ = {
			isa = PBXGroup;
			children = (
				8441A75F26C2568F007EAAA7 /* AAColor.swift */,
				8441A75E26C2568E007EAAA7 /* AAExtension.swift */,
				8441A76026C2568F007EAAA7 /* AAGradientColor.swift */,
			);
			path = AATool;
			sourceTree = "<group>";
		};
		44D27D3D255A62F100D0C636 /* AAOptionsModel */ = {
			isa = PBXGroup;
			children = (
				8446159C283F580200E26DA4 /* AAAnimation.swift */,
				84461592283F580100E26DA4 /* AAAxis.swift */,
				8418479628B861D200094106 /* AABoxplot.swift */,
				8446158F283F580100E26DA4 /* AAChart.swift */,
				84461597283F580200E26DA4 /* AACredits.swift */,
				84461599283F580200E26DA4 /* AACrosshair.swift */,
				84461594283F580100E26DA4 /* AADataLabels.swift */,
				84461598283F580200E26DA4 /* AALabel.swift */,
				84461595283F580100E26DA4 /* AALabels.swift */,
				8446159E283F580200E26DA4 /* AALang.swift */,
				84461593283F580100E26DA4 /* AALegend.swift */,
				8446158E283F580100E26DA4 /* AAMarker.swift */,
				8446159A283F580200E26DA4 /* AAPane.swift */,
				8446159D283F580200E26DA4 /* AAPlotBandsElement.swift */,
				84461596283F580200E26DA4 /* AAPlotLinesElement.swift */,
				8446159B283F580200E26DA4 /* AAPlotOptions.swift */,
				84461591283F580100E26DA4 /* AAScrollablePlotArea.swift */,
				844615A3283F580300E26DA4 /* AASeries.swift */,
				8446159F283F580200E26DA4 /* AAStates.swift */,
				84461590283F580100E26DA4 /* AAStyle.swift */,
				844615A0283F580200E26DA4 /* AASubtitle.swift */,
				844615A1283F580300E26DA4 /* AATitle.swift */,
				844615A2283F580300E26DA4 /* AATooltip.swift */,
				844615A4283F580300E26DA4 /* AAXAxis.swift */,
				844615A5283F580300E26DA4 /* AAYAxis.swift */,
			);
			path = AAOptionsModel;
			sourceTree = "<group>";
		};
		44D27D76255A631500D0C636 /* Demo */ = {
			isa = PBXGroup;
			children = (
				44D27DA3255A64A700D0C636 /* MainVC.swift */,
				84DEB8B228FAE3E800BF9423 /* ViewController */,
				84DEB8B328FAE3F200BF9423 /* Composer */,
				84DEB8B428FAE3FB00BF9423 /* DataSource */,
				84526DF52CEB302F00EB2563 /* AAPlugins */,
			);
			path = Demo;
			sourceTree = "<group>";
		};
		44D27DB1255A6CE300D0C636 /* SeriesJsonFiles */ = {
			isa = PBXGroup;
			children = (
				84A5691027FEC88700883553 /* packedbubbleSeries.json */,
				84A5690F27FEC88700883553 /* streamgraphSeries.json */,
			);
			path = SeriesJsonFiles;
			sourceTree = "<group>";
		};
		44D27DB4255A6CE300D0C636 /* DataJsonFiles */ = {
			isa = PBXGroup;
			children = (
				84A5692927FEC89E00883553 /* arcdiagram1Data.json */,
				84A5692A27FEC89E00883553 /* arcdiagram2Data.json */,
				84A5693027FEC89F00883553 /* arcdiagram3Data.json */,
				84A5692027FEC89D00883553 /* bellcurveData.json */,
				84A5691927FEC89C00883553 /* bigHeatmapData.json */,
				84A5692B27FEC89E00883553 /* columnpyramidData.json */,
				84A5692827FEC89E00883553 /* dependencywheelData.json */,
				84A5691A27FEC89C00883553 /* drilldownTreemapData.json */,
				84A5692E27FEC89E00883553 /* dumbbellData.json */,
				84A5691727FEC89C00883553 /* eulerData.json */,
				84A5691D27FEC89C00883553 /* flameData.json */,
				84A5691C27FEC89C00883553 /* heatmapData.json */,
				84A5692227FEC89D00883553 /* itemData.json */,
				84A5691527FEC89B00883553 /* lollipopData.json */,
				84B13F38289E15DB007356C6 /* marathonData.json */,
				84A5691627FEC89B00883553 /* networkgraphData.json */,
				84A5691F27FEC89D00883553 /* organizationData.json */,
				84A5691427FEC89B00883553 /* organizationNodesData.json */,
				84A5691327FEC89B00883553 /* sankeyData.json */,
				84A5692527FEC89D00883553 /* sunburst2Data.json */,
				84A5692C27FEC89E00883553 /* sunburstData.json */,
				84A5692327FEC89D00883553 /* tilemapData.json */,
				84A5692D27FEC89E00883553 /* timelineData.json */,
				84A5692627FEC89D00883553 /* treemapWithColorAxisData.json */,
				84A5691B27FEC89C00883553 /* treemapWithLevelsData.json */,
				84A5692427FEC89D00883553 /* variablepieData.json */,
				84A5692127FEC89D00883553 /* variwideData.json */,
				84A5692F27FEC89F00883553 /* vectorData.json */,
				84A5691E27FEC89C00883553 /* vennData.json */,
				84A5692727FEC89D00883553 /* windbarbData.json */,
				84A5691827FEC89C00883553 /* wordcloudData.json */,
				84DEB8C528FAF3C700BF9423 /* simpleDependencyWheelData.json */,
				84DEB8C628FAF3C700BF9423 /* volinPlotElement1Data.json */,
				84DEB8C728FAF3C700BF9423 /* volinPlotElement2Data.json */,
				5860351659A57677CB0A6D84 /* simpleTilemapData.json */,
				58603C0A468CDC4C59D49149 /* tilemapForAfricaData.json */,
			);
			path = DataJsonFiles;
			sourceTree = "<group>";
		};
		44D27DE9255A6D9100D0C636 /* AAOptionsProModel */ = {
			isa = PBXGroup;
			children = (
				44D27DEA255A6DD100D0C636 /* AAColorAxis.swift */,
				44D27DF2255A706C00D0C636 /* AALevelsElement.swift */,
				44D27DF7255A726400D0C636 /* AAPackedbubble.swift */,
				44D27DFC255A733D00D0C636 /* AATreemap.swift */,
				44D27E01255A735700D0C636 /* AALayoutAlgorithm.swift */,
				84B13EE82897A953007356C6 /* AAItem.swift */,
				84B13F2E289BDB5F007356C6 /* AASolidgaugeDataElement.swift */,
				84B13F3C289E5FAB007356C6 /* AABulletDataElement.swift */,
				84B13F30289CAFB2007356C6 /* AASolidgauge.swift */,
				84B13F32289D09EA007356C6 /* AAHeatmap.swift */,
				84B13F34289D12DF007356C6 /* AAData.swift */,
				84B13F3A289E2CA0007356C6 /* AAParallelAxes.swift */,
			);
			path = AAOptionsProModel;
			sourceTree = "<group>";
		};
		84526DF52CEB302F00EB2563 /* AAPlugins */ = {
			isa = PBXGroup;
			children = (
				84526E012CEB3B7600EB2563 /* AABoost */,
				84526E002CEB3B4E00EB2563 /* AADrilldown */,
			);
			path = AAPlugins;
			sourceTree = "<group>";
		};
		84526E002CEB3B4E00EB2563 /* AADrilldown */ = {
			isa = PBXGroup;
			children = (
				84526DFE2CEB374800EB2563 /* AADrilldown.js */,
				84526DFC2CEB35D700EB2563 /* AADrilldownChartVC.swift */,
				84526DFA2CEB332600EB2563 /* AADrilldownChartComposer.swift */,
				84526DF82CEB310200EB2563 /* AADrilldown.swift */,
				84526DF62CEB305800EB2563 /* AAOptions+Drilldown.swift */,
			);
			path = AADrilldown;
			sourceTree = "<group>";
		};
		84526E012CEB3B7600EB2563 /* AABoost */ = {
			isa = PBXGroup;
			children = (
				84526E0A2CEB401500EB2563 /* AABoost.js */,
				84526E082CEB3F1E00EB2563 /* AABoostChartVC.swift */,
				84526E062CEB3DD700EB2563 /* AABoostChartComposer.swift */,
				84526E022CEB3BCD00EB2563 /* AABoost.swift */,
				84526E042CEB3CA500EB2563 /* AAOptions+Boost.swift */,
			);
			path = AABoost;
			sourceTree = "<group>";
		};
		84B238C1283F707400193B9A /* AAInfographics-Pro */ = {
			isa = PBXGroup;
			children = (
				44D27D32255A62F000D0C636 /* AAChartCreator */,
				44D27D3D255A62F100D0C636 /* AAOptionsModel */,
				44D27DE9255A6D9100D0C636 /* AAOptionsProModel */,
				44D27D39255A62F000D0C636 /* AATool */,
				44D27DAB255A6C0700D0C636 /* AAJSFiles.bundle */,
				27F872A925E797690068380F /* ProjectBundlePathLoader.swift */,
				84B2386B283F6D4C00193B9A /* PackageBundlePathLoader.swift */,
			);
			path = "AAInfographics-Pro";
			sourceTree = "<group>";
		};
		84DEB8B228FAE3E800BF9423 /* ViewController */ = {
			isa = PBXGroup;
			children = (
				44D27D7E255A631500D0C636 /* AABaseChartVC.swift */,
				84DEB8B528FAE48300BF9423 /* AARelationshipChartVC.swift */,
				84DEB8B728FAE4DF00BF9423 /* AAHeatOrTreeMapChartVC.swift */,
				84DEB8B928FAE4F300BF9423 /* AABubbleChartVC.swift */,
				84DEB8BB28FAE50500BF9423 /* AAColumnVariantChartVC.swift */,
				44D27E10255ADF1300D0C636 /* ChartProVC.swift */,
				84B13EEA28990388007356C6 /* CustomClickEventCallbackMessageVC.swift */,
			);
			path = ViewController;
			sourceTree = "<group>";
		};
		84DEB8B328FAE3F200BF9423 /* Composer */ = {
			isa = PBXGroup;
			children = (
				84DEB8BD28FAE54500BF9423 /* AARelationshipChartComposer.swift */,
				84DEB8BF28FAE57B00BF9423 /* AAHeatOrTreeMapChartComposer.swift */,
				84DEB8C128FAE58C00BF9423 /* AABubbleChartComposer.swift */,
				84DEB8C328FAE59F00BF9423 /* AAColumnVariantChartComposer.swift */,
			);
			path = Composer;
			sourceTree = "<group>";
		};
		84DEB8B428FAE3FB00BF9423 /* DataSource */ = {
			isa = PBXGroup;
			children = (
				44D27E06255A793200D0C636 /* AAOptionsData.swift */,
				44D27E0B255ADE1E00D0C636 /* AAOptionsSeries.swift */,
				84B13F36289E1248007356C6 /* AAOptionsCSV.swift */,
				44D27DB4255A6CE300D0C636 /* DataJsonFiles */,
				44D27DB1255A6CE300D0C636 /* SeriesJsonFiles */,
			);
			path = DataSource;
			sourceTree = "<group>";
		};
/* End PBXGroup section */

/* Begin PBXNativeTarget section */
		44D27C6E255A3CAF00D0C636 /* AAInfographics-ProDemo */ = {
			isa = PBXNativeTarget;
			buildConfigurationList = 44D27C99255A3CB400D0C636 /* Build configuration list for PBXNativeTarget "AAInfographics-ProDemo" */;
			buildPhases = (
				44D27C6B255A3CAF00D0C636 /* Sources */,
				44D27C6C255A3CAF00D0C636 /* Frameworks */,
				44D27C6D255A3CAF00D0C636 /* Resources */,
			);
			buildRules = (
			);
			dependencies = (
			);
			name = "AAInfographics-ProDemo";
			productName = "AAInfographics-ProDemo";
			productReference = 44D27C6F255A3CAF00D0C636 /* AAInfographics-ProDemo.app */;
			productType = "com.apple.product-type.application";
		};
		44D27C84255A3CB300D0C636 /* AAInfographics-ProDemoTests */ = {
			isa = PBXNativeTarget;
			buildConfigurationList = 44D27C9C255A3CB400D0C636 /* Build configuration list for PBXNativeTarget "AAInfographics-ProDemoTests" */;
			buildPhases = (
				44D27C81255A3CB300D0C636 /* Sources */,
				44D27C82255A3CB300D0C636 /* Frameworks */,
				44D27C83255A3CB300D0C636 /* Resources */,
			);
			buildRules = (
			);
			dependencies = (
				44D27C87255A3CB300D0C636 /* PBXTargetDependency */,
			);
			name = "AAInfographics-ProDemoTests";
			productName = "AAInfographics-ProDemoTests";
			productReference = 44D27C85255A3CB300D0C636 /* AAInfographics-ProDemoTests.xctest */;
			productType = "com.apple.product-type.bundle.unit-test";
		};
		44D27C8F255A3CB400D0C636 /* AAInfographics-ProDemoUITests */ = {
			isa = PBXNativeTarget;
			buildConfigurationList = 44D27C9F255A3CB400D0C636 /* Build configuration list for PBXNativeTarget "AAInfographics-ProDemoUITests" */;
			buildPhases = (
				44D27C8C255A3CB400D0C636 /* Sources */,
				44D27C8D255A3CB400D0C636 /* Frameworks */,
				44D27C8E255A3CB400D0C636 /* Resources */,
			);
			buildRules = (
			);
			dependencies = (
				44D27C92255A3CB400D0C636 /* PBXTargetDependency */,
			);
			name = "AAInfographics-ProDemoUITests";
			productName = "AAInfographics-ProDemoUITests";
			productReference = 44D27C90255A3CB400D0C636 /* AAInfographics-ProDemoUITests.xctest */;
			productType = "com.apple.product-type.bundle.ui-testing";
		};
/* End PBXNativeTarget section */

/* Begin PBXProject section */
		44D27C67255A3CAF00D0C636 /* Project object */ = {
			isa = PBXProject;
			attributes = {
				LastSwiftUpdateCheck = 1200;
				LastUpgradeCheck = 1200;
				TargetAttributes = {
					44D27C6E255A3CAF00D0C636 = {
						CreatedOnToolsVersion = 12.0;
					};
					44D27C84255A3CB300D0C636 = {
						CreatedOnToolsVersion = 12.0;
						TestTargetID = 44D27C6E255A3CAF00D0C636;
					};
					44D27C8F255A3CB400D0C636 = {
						CreatedOnToolsVersion = 12.0;
						TestTargetID = 44D27C6E255A3CAF00D0C636;
					};
				};
			};
			buildConfigurationList = 44D27C6A255A3CAF00D0C636 /* Build configuration list for PBXProject "AAInfographics-ProDemo" */;
			compatibilityVersion = "Xcode 9.3";
			developmentRegion = en;
			hasScannedForEncodings = 0;
			knownRegions = (
				en,
				Base,
			);
			mainGroup = 44D27C66255A3CAF00D0C636;
			productRefGroup = 44D27C70255A3CAF00D0C636 /* Products */;
			projectDirPath = "";
			projectRoot = "";
			targets = (
				44D27C6E255A3CAF00D0C636 /* AAInfographics-ProDemo */,
				44D27C84255A3CB300D0C636 /* AAInfographics-ProDemoTests */,
				44D27C8F255A3CB400D0C636 /* AAInfographics-ProDemoUITests */,
			);
		};
/* End PBXProject section */

/* Begin PBXResourcesBuildPhase section */
		44D27C6D255A3CAF00D0C636 /* Resources */ = {
			isa = PBXResourcesBuildPhase;
			buildActionMask = 2147483647;
			files = (
				84A5693E27FEC89F00883553 /* bellcurveData.json in Resources */,
				84A5691127FEC88700883553 /* streamgraphSeries.json in Resources */,
				84A5694227FEC89F00883553 /* variablepieData.json in Resources */,
				84A5693927FEC89F00883553 /* treemapWithLevelsData.json in Resources */,
				84A5693A27FEC89F00883553 /* heatmapData.json in Resources */,
				84A5693127FEC89F00883553 /* sankeyData.json in Resources */,
				84526E0B2CEB401500EB2563 /* AABoost.js in Resources */,
				84A5694327FEC89F00883553 /* sunburst2Data.json in Resources */,
				84DEB8CA28FAF3C800BF9423 /* volinPlotElement2Data.json in Resources */,
				84A5693727FEC89F00883553 /* bigHeatmapData.json in Resources */,
				84A5694E27FEC89F00883553 /* arcdiagram3Data.json in Resources */,
				84A5694927FEC89F00883553 /* columnpyramidData.json in Resources */,
				84A5693D27FEC89F00883553 /* organizationData.json in Resources */,
				84A5693227FEC89F00883553 /* organizationNodesData.json in Resources */,
				84A5693C27FEC89F00883553 /* vennData.json in Resources */,
				84A5693827FEC89F00883553 /* drilldownTreemapData.json in Resources */,
				84A5693627FEC89F00883553 /* wordcloudData.json in Resources */,
				84A5694527FEC89F00883553 /* windbarbData.json in Resources */,
				84A5694127FEC89F00883553 /* tilemapData.json in Resources */,
				44D27C7F255A3CB300D0C636 /* LaunchScreen.storyboard in Resources */,
				84A5694427FEC89F00883553 /* treemapWithColorAxisData.json in Resources */,
				84A5694827FEC89F00883553 /* arcdiagram2Data.json in Resources */,
				84526DFF2CEB374800EB2563 /* AADrilldown.js in Resources */,
				84A5694727FEC89F00883553 /* arcdiagram1Data.json in Resources */,
				84A5694027FEC89F00883553 /* itemData.json in Resources */,
				44D27C7C255A3CB300D0C636 /* Assets.xcassets in Resources */,
				84A5693427FEC89F00883553 /* networkgraphData.json in Resources */,
				84A5693F27FEC89F00883553 /* variwideData.json in Resources */,
				84A5693327FEC89F00883553 /* lollipopData.json in Resources */,
				84A5694A27FEC89F00883553 /* sunburstData.json in Resources */,
				44D27DAC255A6C0700D0C636 /* AAJSFiles.bundle in Resources */,
				84A5691227FEC88700883553 /* packedbubbleSeries.json in Resources */,
				84A5693B27FEC89F00883553 /* flameData.json in Resources */,
				84B13F39289E15DB007356C6 /* marathonData.json in Resources */,
				84A5693527FEC89F00883553 /* eulerData.json in Resources */,
				84A5694D27FEC89F00883553 /* vectorData.json in Resources */,
				84A5694627FEC89F00883553 /* dependencywheelData.json in Resources */,
				84DEB8C828FAF3C800BF9423 /* simpleDependencyWheelData.json in Resources */,
				44D27C7A255A3CAF00D0C636 /* Main.storyboard in Resources */,
				84DEB8C928FAF3C800BF9423 /* volinPlotElement1Data.json in Resources */,
				84A5694C27FEC89F00883553 /* dumbbellData.json in Resources */,
				84A5694B27FEC89F00883553 /* timelineData.json in Resources */,
				58603DF10ACD2DFCE19E231F /* simpleTilemapData.json in Resources */,
				58603BB14202D5D0DF0D4482 /* tilemapForAfricaData.json in Resources */,
			);
			runOnlyForDeploymentPostprocessing = 0;
		};
		44D27C83255A3CB300D0C636 /* Resources */ = {
			isa = PBXResourcesBuildPhase;
			buildActionMask = 2147483647;
			files = (
			);
			runOnlyForDeploymentPostprocessing = 0;
		};
		44D27C8E255A3CB400D0C636 /* Resources */ = {
			isa = PBXResourcesBuildPhase;
			buildActionMask = 2147483647;
			files = (
			);
			runOnlyForDeploymentPostprocessing = 0;
		};
/* End PBXResourcesBuildPhase section */

/* Begin PBXSourcesBuildPhase section */
		44D27C6B255A3CAF00D0C636 /* Sources */ = {
			isa = PBXSourcesBuildPhase;
			buildActionMask = 2147483647;
			files = (
				84B13F33289D09EA007356C6 /* AAHeatmap.swift in Sources */,
				844615A9283F580300E26DA4 /* AAScrollablePlotArea.swift in Sources */,
				44D27DA4255A64A700D0C636 /* MainVC.swift in Sources */,
				844615AD283F580300E26DA4 /* AALabels.swift in Sources */,
				84B13F31289CAFB2007356C6 /* AASolidgauge.swift in Sources */,
				44D27DEB255A6DD100D0C636 /* AAColorAxis.swift in Sources */,
				84B13F37289E1248007356C6 /* AAOptionsCSV.swift in Sources */,
				84526DFD2CEB35D700EB2563 /* AADrilldownChartVC.swift in Sources */,
				844615BA283F580300E26DA4 /* AATooltip.swift in Sources */,
				84526DF72CEB305800EB2563 /* AAOptions+Drilldown.swift in Sources */,
				44D27E11255ADF1300D0C636 /* ChartProVC.swift in Sources */,
				84526E072CEB3DD700EB2563 /* AABoostChartComposer.swift in Sources */,
				844615AC283F580300E26DA4 /* AADataLabels.swift in Sources */,
				84526E052CEB3CA500EB2563 /* AAOptions+Boost.swift in Sources */,
				84526DF92CEB310200EB2563 /* AADrilldown.swift in Sources */,
				844615B9283F580300E26DA4 /* AATitle.swift in Sources */,
				844615B1283F580300E26DA4 /* AACrosshair.swift in Sources */,
				844615B7283F580300E26DA4 /* AAStates.swift in Sources */,
				844615B4283F580300E26DA4 /* AAAnimation.swift in Sources */,
				84B13F3D289E5FAB007356C6 /* AABulletDataElement.swift in Sources */,
				84DEB8BE28FAE54500BF9423 /* AARelationshipChartComposer.swift in Sources */,
				844615B3283F580300E26DA4 /* AAPlotOptions.swift in Sources */,
				844615BC283F580300E26DA4 /* AAXAxis.swift in Sources */,
				27F872AB25E797690068380F /* ProjectBundlePathLoader.swift in Sources */,
				844615A7283F580300E26DA4 /* AAChart.swift in Sources */,
				8446158A283F57C600E26DA4 /* AAChartView.swift in Sources */,
				8418479728B861D200094106 /* AABoxplot.swift in Sources */,
				84526DFB2CEB332600EB2563 /* AADrilldownChartComposer.swift in Sources */,
				84B13EE92897A953007356C6 /* AAItem.swift in Sources */,
				84DEB8C228FAE58C00BF9423 /* AABubbleChartComposer.swift in Sources */,
				844615B6283F580300E26DA4 /* AALang.swift in Sources */,
				844615A6283F580300E26DA4 /* AAMarker.swift in Sources */,
				84B13EEB28990388007356C6 /* CustomClickEventCallbackMessageVC.swift in Sources */,
				8441A76126C2568F007EAAA7 /* AAExtension.swift in Sources */,
				844615B8283F580300E26DA4 /* AASubtitle.swift in Sources */,
				44D27C77255A3CAF00D0C636 /* ViewController.swift in Sources */,
				8441A76326C2568F007EAAA7 /* AAGradientColor.swift in Sources */,
				8446158B283F57C600E26DA4 /* AASerializable.swift in Sources */,
				844615B0283F580300E26DA4 /* AALabel.swift in Sources */,
				844615AE283F580300E26DA4 /* AAPlotLinesElement.swift in Sources */,
				8446158C283F57C600E26DA4 /* AASeriesElement.swift in Sources */,
				44D27DF8255A726400D0C636 /* AAPackedbubble.swift in Sources */,
				44D27DFD255A733D00D0C636 /* AATreemap.swift in Sources */,
				844615BD283F580300E26DA4 /* AAYAxis.swift in Sources */,
				44D27E02255A735700D0C636 /* AALayoutAlgorithm.swift in Sources */,
				84B13F2F289BDB5F007356C6 /* AASolidgaugeDataElement.swift in Sources */,
				84461589283F57C600E26DA4 /* AAOptions.swift in Sources */,
				844615B5283F580300E26DA4 /* AAPlotBandsElement.swift in Sources */,
				844615BB283F580300E26DA4 /* AASeries.swift in Sources */,
				44D27D91255A631500D0C636 /* AABaseChartVC.swift in Sources */,
				84DEB8C428FAE59F00BF9423 /* AAColumnVariantChartComposer.swift in Sources */,
				84526E092CEB3F1E00EB2563 /* AABoostChartVC.swift in Sources */,
				84B13F35289D12DF007356C6 /* AAData.swift in Sources */,
				844615AB283F580300E26DA4 /* AALegend.swift in Sources */,
				44D27E0C255ADE1E00D0C636 /* AAOptionsSeries.swift in Sources */,
				84526E032CEB3BCD00EB2563 /* AABoost.swift in Sources */,
				84DEB8C028FAE57B00BF9423 /* AAHeatOrTreeMapChartComposer.swift in Sources */,
				8441A76226C2568F007EAAA7 /* AAColor.swift in Sources */,
				44D27C73255A3CAF00D0C636 /* AppDelegate.swift in Sources */,
				44D27C75255A3CAF00D0C636 /* SceneDelegate.swift in Sources */,
				844615B2283F580300E26DA4 /* AAPane.swift in Sources */,
				84DEB8B628FAE48300BF9423 /* AARelationshipChartVC.swift in Sources */,
				844615AF283F580300E26DA4 /* AACredits.swift in Sources */,
				84DEB8B828FAE4DF00BF9423 /* AAHeatOrTreeMapChartVC.swift in Sources */,
				44D27E07255A793200D0C636 /* AAOptionsData.swift in Sources */,
				8446158D283F57C600E26DA4 /* AAChartModel.swift in Sources */,
				44D27DF3255A706C00D0C636 /* AALevelsElement.swift in Sources */,
				84B13F3B289E2CA0007356C6 /* AAParallelAxes.swift in Sources */,
				844615AA283F580300E26DA4 /* AAAxis.swift in Sources */,
				84DEB8BA28FAE4F300BF9423 /* AABubbleChartVC.swift in Sources */,
				844615A8283F580300E26DA4 /* AAStyle.swift in Sources */,
				84DEB8BC28FAE50500BF9423 /* AAColumnVariantChartVC.swift in Sources */,
			);
			runOnlyForDeploymentPostprocessing = 0;
		};
		44D27C81255A3CB300D0C636 /* Sources */ = {
			isa = PBXSourcesBuildPhase;
			buildActionMask = 2147483647;
			files = (
				44D27C8A255A3CB300D0C636 /* AAInfographics_ProDemoTests.swift in Sources */,
			);
			runOnlyForDeploymentPostprocessing = 0;
		};
		44D27C8C255A3CB400D0C636 /* Sources */ = {
			isa = PBXSourcesBuildPhase;
			buildActionMask = 2147483647;
			files = (
				44D27C95255A3CB400D0C636 /* AAInfographics_ProDemoUITests.swift in Sources */,
			);
			runOnlyForDeploymentPostprocessing = 0;
		};
/* End PBXSourcesBuildPhase section */

/* Begin PBXTargetDependency section */
		44D27C87255A3CB300D0C636 /* PBXTargetDependency */ = {
			isa = PBXTargetDependency;
			target = 44D27C6E255A3CAF00D0C636 /* AAInfographics-ProDemo */;
			targetProxy = 44D27C86255A3CB300D0C636 /* PBXContainerItemProxy */;
		};
		44D27C92255A3CB400D0C636 /* PBXTargetDependency */ = {
			isa = PBXTargetDependency;
			target = 44D27C6E255A3CAF00D0C636 /* AAInfographics-ProDemo */;
			targetProxy = 44D27C91255A3CB400D0C636 /* PBXContainerItemProxy */;
		};
/* End PBXTargetDependency section */

/* Begin PBXVariantGroup section */
		44D27C78255A3CAF00D0C636 /* Main.storyboard */ = {
			isa = PBXVariantGroup;
			children = (
				44D27C79255A3CAF00D0C636 /* Base */,
			);
			name = Main.storyboard;
			sourceTree = "<group>";
		};
		44D27C7D255A3CB300D0C636 /* LaunchScreen.storyboard */ = {
			isa = PBXVariantGroup;
			children = (
				44D27C7E255A3CB300D0C636 /* Base */,
			);
			name = LaunchScreen.storyboard;
			sourceTree = "<group>";
		};
/* End PBXVariantGroup section */

/* Begin XCBuildConfiguration section */
		44D27C97255A3CB400D0C636 /* Debug */ = {
			isa = XCBuildConfiguration;
			buildSettings = {
				ALWAYS_SEARCH_USER_PATHS = NO;
				CLANG_ANALYZER_NONNULL = YES;
				CLANG_ANALYZER_NUMBER_OBJECT_CONVERSION = YES_AGGRESSIVE;
				CLANG_CXX_LANGUAGE_STANDARD = "gnu++14";
				CLANG_CXX_LIBRARY = "libc++";
				CLANG_ENABLE_MODULES = YES;
				CLANG_ENABLE_OBJC_ARC = YES;
				CLANG_ENABLE_OBJC_WEAK = YES;
				CLANG_WARN_BLOCK_CAPTURE_AUTORELEASING = YES;
				CLANG_WARN_BOOL_CONVERSION = YES;
				CLANG_WARN_COMMA = YES;
				CLANG_WARN_CONSTANT_CONVERSION = YES;
				CLANG_WARN_DEPRECATED_OBJC_IMPLEMENTATIONS = YES;
				CLANG_WARN_DIRECT_OBJC_ISA_USAGE = YES_ERROR;
				CLANG_WARN_DOCUMENTATION_COMMENTS = YES;
				CLANG_WARN_EMPTY_BODY = YES;
				CLANG_WARN_ENUM_CONVERSION = YES;
				CLANG_WARN_INFINITE_RECURSION = YES;
				CLANG_WARN_INT_CONVERSION = YES;
				CLANG_WARN_NON_LITERAL_NULL_CONVERSION = YES;
				CLANG_WARN_OBJC_IMPLICIT_RETAIN_SELF = YES;
				CLANG_WARN_OBJC_LITERAL_CONVERSION = YES;
				CLANG_WARN_OBJC_ROOT_CLASS = YES_ERROR;
				CLANG_WARN_QUOTED_INCLUDE_IN_FRAMEWORK_HEADER = YES;
				CLANG_WARN_RANGE_LOOP_ANALYSIS = YES;
				CLANG_WARN_STRICT_PROTOTYPES = YES;
				CLANG_WARN_SUSPICIOUS_MOVE = YES;
				CLANG_WARN_UNGUARDED_AVAILABILITY = YES_AGGRESSIVE;
				CLANG_WARN_UNREACHABLE_CODE = YES;
				CLANG_WARN__DUPLICATE_METHOD_MATCH = YES;
				COPY_PHASE_STRIP = NO;
				DEBUG_INFORMATION_FORMAT = dwarf;
				ENABLE_STRICT_OBJC_MSGSEND = YES;
				ENABLE_TESTABILITY = YES;
				GCC_C_LANGUAGE_STANDARD = gnu11;
				GCC_DYNAMIC_NO_PIC = NO;
				GCC_NO_COMMON_BLOCKS = YES;
				GCC_OPTIMIZATION_LEVEL = 0;
				GCC_PREPROCESSOR_DEFINITIONS = (
					"DEBUG=1",
					"$(inherited)",
				);
				GCC_WARN_64_TO_32_BIT_CONVERSION = YES;
				GCC_WARN_ABOUT_RETURN_TYPE = YES_ERROR;
				GCC_WARN_UNDECLARED_SELECTOR = YES;
				GCC_WARN_UNINITIALIZED_AUTOS = YES_AGGRESSIVE;
				GCC_WARN_UNUSED_FUNCTION = YES;
				GCC_WARN_UNUSED_VARIABLE = YES;
				IPHONEOS_DEPLOYMENT_TARGET = 14.0;
				MTL_ENABLE_DEBUG_INFO = INCLUDE_SOURCE;
				MTL_FAST_MATH = YES;
				ONLY_ACTIVE_ARCH = YES;
				SDKROOT = iphoneos;
				SWIFT_ACTIVE_COMPILATION_CONDITIONS = DEBUG;
				SWIFT_OPTIMIZATION_LEVEL = "-Onone";
			};
			name = Debug;
		};
		44D27C98255A3CB400D0C636 /* Release */ = {
			isa = XCBuildConfiguration;
			buildSettings = {
				ALWAYS_SEARCH_USER_PATHS = NO;
				CLANG_ANALYZER_NONNULL = YES;
				CLANG_ANALYZER_NUMBER_OBJECT_CONVERSION = YES_AGGRESSIVE;
				CLANG_CXX_LANGUAGE_STANDARD = "gnu++14";
				CLANG_CXX_LIBRARY = "libc++";
				CLANG_ENABLE_MODULES = YES;
				CLANG_ENABLE_OBJC_ARC = YES;
				CLANG_ENABLE_OBJC_WEAK = YES;
				CLANG_WARN_BLOCK_CAPTURE_AUTORELEASING = YES;
				CLANG_WARN_BOOL_CONVERSION = YES;
				CLANG_WARN_COMMA = YES;
				CLANG_WARN_CONSTANT_CONVERSION = YES;
				CLANG_WARN_DEPRECATED_OBJC_IMPLEMENTATIONS = YES;
				CLANG_WARN_DIRECT_OBJC_ISA_USAGE = YES_ERROR;
				CLANG_WARN_DOCUMENTATION_COMMENTS = YES;
				CLANG_WARN_EMPTY_BODY = YES;
				CLANG_WARN_ENUM_CONVERSION = YES;
				CLANG_WARN_INFINITE_RECURSION = YES;
				CLANG_WARN_INT_CONVERSION = YES;
				CLANG_WARN_NON_LITERAL_NULL_CONVERSION = YES;
				CLANG_WARN_OBJC_IMPLICIT_RETAIN_SELF = YES;
				CLANG_WARN_OBJC_LITERAL_CONVERSION = YES;
				CLANG_WARN_OBJC_ROOT_CLASS = YES_ERROR;
				CLANG_WARN_QUOTED_INCLUDE_IN_FRAMEWORK_HEADER = YES;
				CLANG_WARN_RANGE_LOOP_ANALYSIS = YES;
				CLANG_WARN_STRICT_PROTOTYPES = YES;
				CLANG_WARN_SUSPICIOUS_MOVE = YES;
				CLANG_WARN_UNGUARDED_AVAILABILITY = YES_AGGRESSIVE;
				CLANG_WARN_UNREACHABLE_CODE = YES;
				CLANG_WARN__DUPLICATE_METHOD_MATCH = YES;
				COPY_PHASE_STRIP = NO;
				DEBUG_INFORMATION_FORMAT = "dwarf-with-dsym";
				ENABLE_NS_ASSERTIONS = NO;
				ENABLE_STRICT_OBJC_MSGSEND = YES;
				GCC_C_LANGUAGE_STANDARD = gnu11;
				GCC_NO_COMMON_BLOCKS = YES;
				GCC_WARN_64_TO_32_BIT_CONVERSION = YES;
				GCC_WARN_ABOUT_RETURN_TYPE = YES_ERROR;
				GCC_WARN_UNDECLARED_SELECTOR = YES;
				GCC_WARN_UNINITIALIZED_AUTOS = YES_AGGRESSIVE;
				GCC_WARN_UNUSED_FUNCTION = YES;
				GCC_WARN_UNUSED_VARIABLE = YES;
				IPHONEOS_DEPLOYMENT_TARGET = 14.0;
				MTL_ENABLE_DEBUG_INFO = NO;
				MTL_FAST_MATH = YES;
				SDKROOT = iphoneos;
				SWIFT_COMPILATION_MODE = wholemodule;
				SWIFT_OPTIMIZATION_LEVEL = "-O";
				VALIDATE_PRODUCT = YES;
			};
			name = Release;
		};
		44D27C9A255A3CB400D0C636 /* Debug */ = {
			isa = XCBuildConfiguration;
			buildSettings = {
				ASSETCATALOG_COMPILER_APPICON_NAME = AppIcon;
				ASSETCATALOG_COMPILER_GLOBAL_ACCENT_COLOR_NAME = AccentColor;
				CODE_SIGN_ENTITLEMENTS = "AAInfographics-ProDemo/AAInfographics-ProDemo.entitlements";
				CODE_SIGN_STYLE = Automatic;
				DEVELOPMENT_TEAM = BPAYP34L8N;
				INFOPLIST_FILE = "AAInfographics-ProDemo/Info.plist";
				LD_RUNPATH_SEARCH_PATHS = (
					"$(inherited)",
					"@executable_path/Frameworks",
				);
				PRODUCT_BUNDLE_IDENTIFIER = fdafdas;
				PRODUCT_NAME = "$(TARGET_NAME)";
				SUPPORTS_MACCATALYST = YES;
				SWIFT_VERSION = 5.0;
				TARGETED_DEVICE_FAMILY = "1,2";
			};
			name = Debug;
		};
		44D27C9B255A3CB400D0C636 /* Release */ = {
			isa = XCBuildConfiguration;
			buildSettings = {
				ASSETCATALOG_COMPILER_APPICON_NAME = AppIcon;
				ASSETCATALOG_COMPILER_GLOBAL_ACCENT_COLOR_NAME = AccentColor;
				CODE_SIGN_ENTITLEMENTS = "AAInfographics-ProDemo/AAInfographics-ProDemo.entitlements";
				CODE_SIGN_STYLE = Automatic;
				DEVELOPMENT_TEAM = BPAYP34L8N;
				INFOPLIST_FILE = "AAInfographics-ProDemo/Info.plist";
				LD_RUNPATH_SEARCH_PATHS = (
					"$(inherited)",
					"@executable_path/Frameworks",
				);
				PRODUCT_BUNDLE_IDENTIFIER = fdafdas;
				PRODUCT_NAME = "$(TARGET_NAME)";
				SUPPORTS_MACCATALYST = YES;
				SWIFT_VERSION = 5.0;
				TARGETED_DEVICE_FAMILY = "1,2";
			};
			name = Release;
		};
		44D27C9D255A3CB400D0C636 /* Debug */ = {
			isa = XCBuildConfiguration;
			buildSettings = {
				ALWAYS_EMBED_SWIFT_STANDARD_LIBRARIES = YES;
				BUNDLE_LOADER = "$(TEST_HOST)";
				CODE_SIGN_STYLE = Automatic;
				DEVELOPMENT_TEAM = BPAYP34L8N;
				INFOPLIST_FILE = "AAInfographics-ProDemoTests/Info.plist";
				IPHONEOS_DEPLOYMENT_TARGET = 14.0;
				LD_RUNPATH_SEARCH_PATHS = (
					"$(inherited)",
					"@executable_path/Frameworks",
					"@loader_path/Frameworks",
				);
				PRODUCT_BUNDLE_IDENTIFIER = "AAChartModel.com.AAInfographics-ProDemoTests";
				PRODUCT_NAME = "$(TARGET_NAME)";
				SWIFT_VERSION = 5.0;
				TARGETED_DEVICE_FAMILY = "1,2";
				TEST_HOST = "$(BUILT_PRODUCTS_DIR)/AAInfographics-ProDemo.app/AAInfographics-ProDemo";
			};
			name = Debug;
		};
		44D27C9E255A3CB400D0C636 /* Release */ = {
			isa = XCBuildConfiguration;
			buildSettings = {
				ALWAYS_EMBED_SWIFT_STANDARD_LIBRARIES = YES;
				BUNDLE_LOADER = "$(TEST_HOST)";
				CODE_SIGN_STYLE = Automatic;
				DEVELOPMENT_TEAM = BPAYP34L8N;
				INFOPLIST_FILE = "AAInfographics-ProDemoTests/Info.plist";
				IPHONEOS_DEPLOYMENT_TARGET = 14.0;
				LD_RUNPATH_SEARCH_PATHS = (
					"$(inherited)",
					"@executable_path/Frameworks",
					"@loader_path/Frameworks",
				);
				PRODUCT_BUNDLE_IDENTIFIER = "AAChartModel.com.AAInfographics-ProDemoTests";
				PRODUCT_NAME = "$(TARGET_NAME)";
				SWIFT_VERSION = 5.0;
				TARGETED_DEVICE_FAMILY = "1,2";
				TEST_HOST = "$(BUILT_PRODUCTS_DIR)/AAInfographics-ProDemo.app/AAInfographics-ProDemo";
			};
			name = Release;
		};
		44D27CA0255A3CB400D0C636 /* Debug */ = {
			isa = XCBuildConfiguration;
			buildSettings = {
				ALWAYS_EMBED_SWIFT_STANDARD_LIBRARIES = YES;
				CODE_SIGN_STYLE = Automatic;
				DEVELOPMENT_TEAM = BPAYP34L8N;
				INFOPLIST_FILE = "AAInfographics-ProDemoUITests/Info.plist";
				LD_RUNPATH_SEARCH_PATHS = (
					"$(inherited)",
					"@executable_path/Frameworks",
					"@loader_path/Frameworks",
				);
				PRODUCT_BUNDLE_IDENTIFIER = "AAChartModel.com.AAInfographics-ProDemoUITests";
				PRODUCT_NAME = "$(TARGET_NAME)";
				SWIFT_VERSION = 5.0;
				TARGETED_DEVICE_FAMILY = "1,2";
				TEST_TARGET_NAME = "AAInfographics-ProDemo";
			};
			name = Debug;
		};
		44D27CA1255A3CB400D0C636 /* Release */ = {
			isa = XCBuildConfiguration;
			buildSettings = {
				ALWAYS_EMBED_SWIFT_STANDARD_LIBRARIES = YES;
				CODE_SIGN_STYLE = Automatic;
				DEVELOPMENT_TEAM = BPAYP34L8N;
				INFOPLIST_FILE = "AAInfographics-ProDemoUITests/Info.plist";
				LD_RUNPATH_SEARCH_PATHS = (
					"$(inherited)",
					"@executable_path/Frameworks",
					"@loader_path/Frameworks",
				);
				PRODUCT_BUNDLE_IDENTIFIER = "AAChartModel.com.AAInfographics-ProDemoUITests";
				PRODUCT_NAME = "$(TARGET_NAME)";
				SWIFT_VERSION = 5.0;
				TARGETED_DEVICE_FAMILY = "1,2";
				TEST_TARGET_NAME = "AAInfographics-ProDemo";
			};
			name = Release;
		};
/* End XCBuildConfiguration section */

/* Begin XCConfigurationList section */
		44D27C6A255A3CAF00D0C636 /* Build configuration list for PBXProject "AAInfographics-ProDemo" */ = {
			isa = XCConfigurationList;
			buildConfigurations = (
				44D27C97255A3CB400D0C636 /* Debug */,
				44D27C98255A3CB400D0C636 /* Release */,
			);
			defaultConfigurationIsVisible = 0;
			defaultConfigurationName = Release;
		};
		44D27C99255A3CB400D0C636 /* Build configuration list for PBXNativeTarget "AAInfographics-ProDemo" */ = {
			isa = XCConfigurationList;
			buildConfigurations = (
				44D27C9A255A3CB400D0C636 /* Debug */,
				44D27C9B255A3CB400D0C636 /* Release */,
			);
			defaultConfigurationIsVisible = 0;
			defaultConfigurationName = Release;
		};
		44D27C9C255A3CB400D0C636 /* Build configuration list for PBXNativeTarget "AAInfographics-ProDemoTests" */ = {
			isa = XCConfigurationList;
			buildConfigurations = (
				44D27C9D255A3CB400D0C636 /* Debug */,
				44D27C9E255A3CB400D0C636 /* Release */,
			);
			defaultConfigurationIsVisible = 0;
			defaultConfigurationName = Release;
		};
		44D27C9F255A3CB400D0C636 /* Build configuration list for PBXNativeTarget "AAInfographics-ProDemoUITests" */ = {
			isa = XCConfigurationList;
			buildConfigurations = (
				44D27CA0255A3CB400D0C636 /* Debug */,
				44D27CA1255A3CB400D0C636 /* Release */,
			);
			defaultConfigurationIsVisible = 0;
			defaultConfigurationName = Release;
		};
/* End XCConfigurationList section */
	};
	rootObject = 44D27C67255A3CAF00D0C636 /* Project object */;
}
