// !$*UTF8*$!
{
	archiveVersion = 1;
	classes = {
	};
	objectVersion = 50;
	objects = {

/* Begin PBXBuildFile section */
		27F872AB25E797690068380F /* ProjectBundlePathLoader.swift in Sources */ = {isa = PBXBuildFile; fileRef = 27F872A925E797690068380F /* ProjectBundlePathLoader.swift */; };
		44D27C73255A3CAF00D0C636 /* AppDelegate.swift in Sources */ = {isa = PBXBuildFile; fileRef = 44D27C72255A3CAF00D0C636 /* AppDelegate.swift */; };
		44D27C75255A3CAF00D0C636 /* SceneDelegate.swift in Sources */ = {isa = PBXBuildFile; fileRef = 44D27C74255A3CAF00D0C636 /* SceneDelegate.swift */; };
		44D27C77255A3CAF00D0C636 /* ViewController.swift in Sources */ = {isa = PBXBuildFile; fileRef = 44D27C76255A3CAF00D0C636 /* ViewController.swift */; };
		44D27C7A255A3CAF00D0C636 /* Main.storyboard in Resources */ = {isa = PBXBuildFile; fileRef = 44D27C78255A3CAF00D0C636 /* Main.storyboard */; };
		44D27C7C255A3CB300D0C636 /* Assets.xcassets in Resources */ = {isa = PBXBuildFile; fileRef = 44D27C7B255A3CB300D0C636 /* Assets.xcassets */; };
		44D27C7F255A3CB300D0C636 /* LaunchScreen.storyboard in Resources */ = {isa = PBXBuildFile; fileRef = 44D27C7D255A3CB300D0C636 /* LaunchScreen.storyboard */; };
		44D27C8A255A3CB300D0C636 /* AAInfographics_ProDemoTests.swift in Sources */ = {isa = PBXBuildFile; fileRef = 44D27C89255A3CB300D0C636 /* AAInfographics_ProDemoTests.swift */; };
		44D27C95255A3CB400D0C636 /* AAInfographics_ProDemoUITests.swift in Sources */ = {isa = PBXBuildFile; fileRef = 44D27C94255A3CB400D0C636 /* AAInfographics_ProDemoUITests.swift */; };
		44D27D91255A631500D0C636 /* AABaseChartVC.swift in Sources */ = {isa = PBXBuildFile; fileRef = 44D27D7E255A631500D0C636 /* AABaseChartVC.swift */; };
		44D27DA4255A64A700D0C636 /* MainVC.swift in Sources */ = {isa = PBXBuildFile; fileRef = 44D27DA3255A64A700D0C636 /* MainVC.swift */; };
		44D27DAC255A6C0700D0C636 /* AAJSFiles.bundle in Resources */ = {isa = PBXBuildFile; fileRef = 44D27DAB255A6C0700D0C636 /* AAJSFiles.bundle */; };
		44D27DCC255A6CE400D0C636 /* packedbubbleSeries.json in Resources */ = {isa = PBXBuildFile; fileRef = 44D27DB2255A6CE300D0C636 /* packedbubbleSeries.json */; };
		44D27DCD255A6CE400D0C636 /* streamgraphSeries.json in Resources */ = {isa = PBXBuildFile; fileRef = 44D27DB3255A6CE300D0C636 /* streamgraphSeries.json */; };
		44D27DCE255A6CE400D0C636 /* drilldownTreemapData.json in Resources */ = {isa = PBXBuildFile; fileRef = 44D27DB5255A6CE300D0C636 /* drilldownTreemapData.json */; };
		44D27DCF255A6CE400D0C636 /* treemapWithColorAxisData.json in Resources */ = {isa = PBXBuildFile; fileRef = 44D27DB6255A6CE400D0C636 /* treemapWithColorAxisData.json */; };
		44D27DD0255A6CE400D0C636 /* windbarbData.json in Resources */ = {isa = PBXBuildFile; fileRef = 44D27DB7255A6CE400D0C636 /* windbarbData.json */; };
		44D27DD1255A6CE400D0C636 /* lollipopData.json in Resources */ = {isa = PBXBuildFile; fileRef = 44D27DB8255A6CE400D0C636 /* lollipopData.json */; };
		44D27DD2255A6CE400D0C636 /* heatmapData.json in Resources */ = {isa = PBXBuildFile; fileRef = 44D27DB9255A6CE400D0C636 /* heatmapData.json */; };
		44D27DD3255A6CE400D0C636 /* sunburstData.json in Resources */ = {isa = PBXBuildFile; fileRef = 44D27DBA255A6CE400D0C636 /* sunburstData.json */; };
		44D27DD4255A6CE400D0C636 /* itemData.json in Resources */ = {isa = PBXBuildFile; fileRef = 44D27DBB255A6CE400D0C636 /* itemData.json */; };
		44D27DD5255A6CE400D0C636 /* columnpyramidData.json in Resources */ = {isa = PBXBuildFile; fileRef = 44D27DBC255A6CE400D0C636 /* columnpyramidData.json */; };
		44D27DD6255A6CE400D0C636 /* variablepieData.json in Resources */ = {isa = PBXBuildFile; fileRef = 44D27DBD255A6CE400D0C636 /* variablepieData.json */; };
		44D27DD7255A6CE400D0C636 /* wordcloudData.json in Resources */ = {isa = PBXBuildFile; fileRef = 44D27DBE255A6CE400D0C636 /* wordcloudData.json */; };
		44D27DD8255A6CE400D0C636 /* bigHeatmapData.json in Resources */ = {isa = PBXBuildFile; fileRef = 44D27DBF255A6CE400D0C636 /* bigHeatmapData.json */; };
		44D27DD9255A6CE400D0C636 /* bellcurveData.json in Resources */ = {isa = PBXBuildFile; fileRef = 44D27DC0255A6CE400D0C636 /* bellcurveData.json */; };
		44D27DDA255A6CE400D0C636 /* treemapWithLevelsData.json in Resources */ = {isa = PBXBuildFile; fileRef = 44D27DC1255A6CE400D0C636 /* treemapWithLevelsData.json */; };
		44D27DDB255A6CE400D0C636 /* sankeyData.json in Resources */ = {isa = PBXBuildFile; fileRef = 44D27DC2255A6CE400D0C636 /* sankeyData.json */; };
		44D27DDC255A6CE400D0C636 /* timelineData.json in Resources */ = {isa = PBXBuildFile; fileRef = 44D27DC3255A6CE400D0C636 /* timelineData.json */; };
		44D27DDD255A6CE400D0C636 /* vennData.json in Resources */ = {isa = PBXBuildFile; fileRef = 44D27DC4255A6CE400D0C636 /* vennData.json */; };
		44D27DDE255A6CE400D0C636 /* variwideData.json in Resources */ = {isa = PBXBuildFile; fileRef = 44D27DC5255A6CE400D0C636 /* variwideData.json */; };
		44D27DDF255A6CE400D0C636 /* eulerData.json in Resources */ = {isa = PBXBuildFile; fileRef = 44D27DC6255A6CE400D0C636 /* eulerData.json */; };
		44D27DE0255A6CE400D0C636 /* dumbbellData.json in Resources */ = {isa = PBXBuildFile; fileRef = 44D27DC7255A6CE400D0C636 /* dumbbellData.json */; };
		44D27DE1255A6CE400D0C636 /* dependencywheelData.json in Resources */ = {isa = PBXBuildFile; fileRef = 44D27DC8255A6CE400D0C636 /* dependencywheelData.json */; };
		44D27DE2255A6CE400D0C636 /* vectorData.json in Resources */ = {isa = PBXBuildFile; fileRef = 44D27DC9255A6CE400D0C636 /* vectorData.json */; };
		44D27DE3255A6CE400D0C636 /* tilemapData.json in Resources */ = {isa = PBXBuildFile; fileRef = 44D27DCA255A6CE400D0C636 /* tilemapData.json */; };
		44D27DE4255A6CE400D0C636 /* networkgraphData.json in Resources */ = {isa = PBXBuildFile; fileRef = 44D27DCB255A6CE400D0C636 /* networkgraphData.json */; };
		44D27DEB255A6DD100D0C636 /* AAColorAxis.swift in Sources */ = {isa = PBXBuildFile; fileRef = 44D27DEA255A6DD100D0C636 /* AAColorAxis.swift */; };
		44D27DF3255A706C00D0C636 /* AALevels.swift in Sources */ = {isa = PBXBuildFile; fileRef = 44D27DF2255A706C00D0C636 /* AALevels.swift */; };
		44D27DF8255A726400D0C636 /* AAPackedbubble.swift in Sources */ = {isa = PBXBuildFile; fileRef = 44D27DF7255A726400D0C636 /* AAPackedbubble.swift */; };
		44D27DFD255A733D00D0C636 /* AATreemap.swift in Sources */ = {isa = PBXBuildFile; fileRef = 44D27DFC255A733D00D0C636 /* AATreemap.swift */; };
		44D27E02255A735700D0C636 /* AALayoutAlgorithm.swift in Sources */ = {isa = PBXBuildFile; fileRef = 44D27E01255A735700D0C636 /* AALayoutAlgorithm.swift */; };
		44D27E07255A793200D0C636 /* AAOptionsData.swift in Sources */ = {isa = PBXBuildFile; fileRef = 44D27E06255A793200D0C636 /* AAOptionsData.swift */; };
		44D27E0C255ADE1E00D0C636 /* AAOptionsSeries.swift in Sources */ = {isa = PBXBuildFile; fileRef = 44D27E0B255ADE1E00D0C636 /* AAOptionsSeries.swift */; };
		44D27E11255ADF1300D0C636 /* ChartProVC.swift in Sources */ = {isa = PBXBuildFile; fileRef = 44D27E10255ADF1300D0C636 /* ChartProVC.swift */; };
		8441A73E26C2565A007EAAA7 /* AAScrollablePlotArea.swift in Sources */ = {isa = PBXBuildFile; fileRef = 8441A72826C25659007EAAA7 /* AAScrollablePlotArea.swift */; };
		8441A73F26C2565A007EAAA7 /* AAXAxis.swift in Sources */ = {isa = PBXBuildFile; fileRef = 8441A72926C25659007EAAA7 /* AAXAxis.swift */; };
		8441A74026C2565A007EAAA7 /* AALang.swift in Sources */ = {isa = PBXBuildFile; fileRef = 8441A72A26C25659007EAAA7 /* AALang.swift */; };
		8441A74126C2565A007EAAA7 /* AAPlotBandsElement.swift in Sources */ = {isa = PBXBuildFile; fileRef = 8441A72B26C25659007EAAA7 /* AAPlotBandsElement.swift */; };
		8441A74226C2565A007EAAA7 /* AALabel.swift in Sources */ = {isa = PBXBuildFile; fileRef = 8441A72C26C25659007EAAA7 /* AALabel.swift */; };
		8441A74326C2565A007EAAA7 /* AAMarker.swift in Sources */ = {isa = PBXBuildFile; fileRef = 8441A72D26C25659007EAAA7 /* AAMarker.swift */; };
		8441A74426C2565A007EAAA7 /* AAPlotLinesElement.swift in Sources */ = {isa = PBXBuildFile; fileRef = 8441A72E26C25659007EAAA7 /* AAPlotLinesElement.swift */; };
		8441A74526C2565A007EAAA7 /* AATitle.swift in Sources */ = {isa = PBXBuildFile; fileRef = 8441A72F26C25659007EAAA7 /* AATitle.swift */; };
		8441A74626C2565A007EAAA7 /* AAPlotOptions.swift in Sources */ = {isa = PBXBuildFile; fileRef = 8441A73026C25659007EAAA7 /* AAPlotOptions.swift */; };
		8441A74726C2565A007EAAA7 /* AADataLabels.swift in Sources */ = {isa = PBXBuildFile; fileRef = 8441A73126C25659007EAAA7 /* AADataLabels.swift */; };
		8441A74826C2565A007EAAA7 /* AALegend.swift in Sources */ = {isa = PBXBuildFile; fileRef = 8441A73226C25659007EAAA7 /* AALegend.swift */; };
		8441A74926C2565A007EAAA7 /* AALabels.swift in Sources */ = {isa = PBXBuildFile; fileRef = 8441A73326C25659007EAAA7 /* AALabels.swift */; };
		8441A74A26C2565A007EAAA7 /* AASeries.swift in Sources */ = {isa = PBXBuildFile; fileRef = 8441A73426C25659007EAAA7 /* AASeries.swift */; };
		8441A74B26C2565A007EAAA7 /* AASubtitle.swift in Sources */ = {isa = PBXBuildFile; fileRef = 8441A73526C2565A007EAAA7 /* AASubtitle.swift */; };
		8441A74C26C2565A007EAAA7 /* AAPane.swift in Sources */ = {isa = PBXBuildFile; fileRef = 8441A73626C2565A007EAAA7 /* AAPane.swift */; };
		8441A74D26C2565A007EAAA7 /* AATooltip.swift in Sources */ = {isa = PBXBuildFile; fileRef = 8441A73726C2565A007EAAA7 /* AATooltip.swift */; };
		8441A74E26C2565A007EAAA7 /* AACredits.swift in Sources */ = {isa = PBXBuildFile; fileRef = 8441A73826C2565A007EAAA7 /* AACredits.swift */; };
		8441A74F26C2565A007EAAA7 /* AAAnimation.swift in Sources */ = {isa = PBXBuildFile; fileRef = 8441A73926C2565A007EAAA7 /* AAAnimation.swift */; };
		8441A75026C2565A007EAAA7 /* AAChart.swift in Sources */ = {isa = PBXBuildFile; fileRef = 8441A73A26C2565A007EAAA7 /* AAChart.swift */; };
		8441A75126C2565A007EAAA7 /* AAStates.swift in Sources */ = {isa = PBXBuildFile; fileRef = 8441A73B26C2565A007EAAA7 /* AAStates.swift */; };
		8441A75226C2565A007EAAA7 /* AAYAxis.swift in Sources */ = {isa = PBXBuildFile; fileRef = 8441A73C26C2565A007EAAA7 /* AAYAxis.swift */; };
		8441A75326C2565A007EAAA7 /* AACrosshair.swift in Sources */ = {isa = PBXBuildFile; fileRef = 8441A73D26C2565A007EAAA7 /* AACrosshair.swift */; };
		8441A75926C25665007EAAA7 /* AAChartView.swift in Sources */ = {isa = PBXBuildFile; fileRef = 8441A75426C25665007EAAA7 /* AAChartView.swift */; };
		8441A75A26C25665007EAAA7 /* AAOptions.swift in Sources */ = {isa = PBXBuildFile; fileRef = 8441A75526C25665007EAAA7 /* AAOptions.swift */; };
		8441A75B26C25665007EAAA7 /* AASerializable.swift in Sources */ = {isa = PBXBuildFile; fileRef = 8441A75626C25665007EAAA7 /* AASerializable.swift */; };
		8441A75C26C25665007EAAA7 /* AAChartModel.swift in Sources */ = {isa = PBXBuildFile; fileRef = 8441A75726C25665007EAAA7 /* AAChartModel.swift */; };
		8441A75D26C25665007EAAA7 /* AASeriesElement.swift in Sources */ = {isa = PBXBuildFile; fileRef = 8441A75826C25665007EAAA7 /* AASeriesElement.swift */; };
		8441A76126C2568F007EAAA7 /* AAExtension.swift in Sources */ = {isa = PBXBuildFile; fileRef = 8441A75E26C2568E007EAAA7 /* AAExtension.swift */; };
		8441A76226C2568F007EAAA7 /* AAColor.swift in Sources */ = {isa = PBXBuildFile; fileRef = 8441A75F26C2568F007EAAA7 /* AAColor.swift */; };
		8441A76326C2568F007EAAA7 /* AAGradientColor.swift in Sources */ = {isa = PBXBuildFile; fileRef = 8441A76026C2568F007EAAA7 /* AAGradientColor.swift */; };
/* End PBXBuildFile section */

/* Begin PBXContainerItemProxy section */
		44D27C86255A3CB300D0C636 /* PBXContainerItemProxy */ = {
			isa = PBXContainerItemProxy;
			containerPortal = 44D27C67255A3CAF00D0C636 /* Project object */;
			proxyType = 1;
			remoteGlobalIDString = 44D27C6E255A3CAF00D0C636;
			remoteInfo = "AAInfographics-ProDemo";
		};
		44D27C91255A3CB400D0C636 /* PBXContainerItemProxy */ = {
			isa = PBXContainerItemProxy;
			containerPortal = 44D27C67255A3CAF00D0C636 /* Project object */;
			proxyType = 1;
			remoteGlobalIDString = 44D27C6E255A3CAF00D0C636;
			remoteInfo = "AAInfographics-ProDemo";
		};
/* End PBXContainerItemProxy section */

/* Begin PBXFileReference section */
		27F872A925E797690068380F /* ProjectBundlePathLoader.swift */ = {isa = PBXFileReference; fileEncoding = 4; lastKnownFileType = sourcecode.swift; path = ProjectBundlePathLoader.swift; sourceTree = "<group>"; };
		4490AFC8255C08B300C27B2D /* AAInfographics-ProDemo.entitlements */ = {isa = PBXFileReference; lastKnownFileType = text.plist.entitlements; path = "AAInfographics-ProDemo.entitlements"; sourceTree = "<group>"; };
		44D27C6F255A3CAF00D0C636 /* AAInfographics-ProDemo.app */ = {isa = PBXFileReference; explicitFileType = wrapper.application; includeInIndex = 0; path = "AAInfographics-ProDemo.app"; sourceTree = BUILT_PRODUCTS_DIR; };
		44D27C72255A3CAF00D0C636 /* AppDelegate.swift */ = {isa = PBXFileReference; lastKnownFileType = sourcecode.swift; path = AppDelegate.swift; sourceTree = "<group>"; };
		44D27C74255A3CAF00D0C636 /* SceneDelegate.swift */ = {isa = PBXFileReference; lastKnownFileType = sourcecode.swift; path = SceneDelegate.swift; sourceTree = "<group>"; };
		44D27C76255A3CAF00D0C636 /* ViewController.swift */ = {isa = PBXFileReference; lastKnownFileType = sourcecode.swift; path = ViewController.swift; sourceTree = "<group>"; };
		44D27C79255A3CAF00D0C636 /* Base */ = {isa = PBXFileReference; lastKnownFileType = file.storyboard; name = Base; path = Base.lproj/Main.storyboard; sourceTree = "<group>"; };
		44D27C7B255A3CB300D0C636 /* Assets.xcassets */ = {isa = PBXFileReference; lastKnownFileType = folder.assetcatalog; path = Assets.xcassets; sourceTree = "<group>"; };
		44D27C7E255A3CB300D0C636 /* Base */ = {isa = PBXFileReference; lastKnownFileType = file.storyboard; name = Base; path = Base.lproj/LaunchScreen.storyboard; sourceTree = "<group>"; };
		44D27C80255A3CB300D0C636 /* Info.plist */ = {isa = PBXFileReference; lastKnownFileType = text.plist.xml; path = Info.plist; sourceTree = "<group>"; };
		44D27C85255A3CB300D0C636 /* AAInfographics-ProDemoTests.xctest */ = {isa = PBXFileReference; explicitFileType = wrapper.cfbundle; includeInIndex = 0; path = "AAInfographics-ProDemoTests.xctest"; sourceTree = BUILT_PRODUCTS_DIR; };
		44D27C89255A3CB300D0C636 /* AAInfographics_ProDemoTests.swift */ = {isa = PBXFileReference; lastKnownFileType = sourcecode.swift; path = AAInfographics_ProDemoTests.swift; sourceTree = "<group>"; };
		44D27C8B255A3CB400D0C636 /* Info.plist */ = {isa = PBXFileReference; lastKnownFileType = text.plist.xml; path = Info.plist; sourceTree = "<group>"; };
		44D27C90255A3CB400D0C636 /* AAInfographics-ProDemoUITests.xctest */ = {isa = PBXFileReference; explicitFileType = wrapper.cfbundle; includeInIndex = 0; path = "AAInfographics-ProDemoUITests.xctest"; sourceTree = BUILT_PRODUCTS_DIR; };
		44D27C94255A3CB400D0C636 /* AAInfographics_ProDemoUITests.swift */ = {isa = PBXFileReference; lastKnownFileType = sourcecode.swift; path = AAInfographics_ProDemoUITests.swift; sourceTree = "<group>"; };
		44D27C96255A3CB400D0C636 /* Info.plist */ = {isa = PBXFileReference; lastKnownFileType = text.plist.xml; path = Info.plist; sourceTree = "<group>"; };
		44D27D7E255A631500D0C636 /* AABaseChartVC.swift */ = {isa = PBXFileReference; fileEncoding = 4; lastKnownFileType = sourcecode.swift; path = AABaseChartVC.swift; sourceTree = "<group>"; };
		44D27DA3255A64A700D0C636 /* MainVC.swift */ = {isa = PBXFileReference; fileEncoding = 4; lastKnownFileType = sourcecode.swift; path = MainVC.swift; sourceTree = "<group>"; };
		44D27DAB255A6C0700D0C636 /* AAJSFiles.bundle */ = {isa = PBXFileReference; lastKnownFileType = "wrapper.plug-in"; path = AAJSFiles.bundle; sourceTree = "<group>"; };
		44D27DB2255A6CE300D0C636 /* packedbubbleSeries.json */ = {isa = PBXFileReference; fileEncoding = 4; lastKnownFileType = text.json; path = packedbubbleSeries.json; sourceTree = "<group>"; };
		44D27DB3255A6CE300D0C636 /* streamgraphSeries.json */ = {isa = PBXFileReference; fileEncoding = 4; lastKnownFileType = text.json; path = streamgraphSeries.json; sourceTree = "<group>"; };
		44D27DB5255A6CE300D0C636 /* drilldownTreemapData.json */ = {isa = PBXFileReference; fileEncoding = 4; lastKnownFileType = text.json; path = drilldownTreemapData.json; sourceTree = "<group>"; };
		44D27DB6255A6CE400D0C636 /* treemapWithColorAxisData.json */ = {isa = PBXFileReference; fileEncoding = 4; lastKnownFileType = text.json; path = treemapWithColorAxisData.json; sourceTree = "<group>"; };
		44D27DB7255A6CE400D0C636 /* windbarbData.json */ = {isa = PBXFileReference; fileEncoding = 4; lastKnownFileType = text.json; path = windbarbData.json; sourceTree = "<group>"; };
		44D27DB8255A6CE400D0C636 /* lollipopData.json */ = {isa = PBXFileReference; fileEncoding = 4; lastKnownFileType = text.json; path = lollipopData.json; sourceTree = "<group>"; };
		44D27DB9255A6CE400D0C636 /* heatmapData.json */ = {isa = PBXFileReference; fileEncoding = 4; lastKnownFileType = text.json; path = heatmapData.json; sourceTree = "<group>"; };
		44D27DBA255A6CE400D0C636 /* sunburstData.json */ = {isa = PBXFileReference; fileEncoding = 4; lastKnownFileType = text.json; path = sunburstData.json; sourceTree = "<group>"; };
		44D27DBB255A6CE400D0C636 /* itemData.json */ = {isa = PBXFileReference; fileEncoding = 4; lastKnownFileType = text.json; path = itemData.json; sourceTree = "<group>"; };
		44D27DBC255A6CE400D0C636 /* columnpyramidData.json */ = {isa = PBXFileReference; fileEncoding = 4; lastKnownFileType = text.json; path = columnpyramidData.json; sourceTree = "<group>"; };
		44D27DBD255A6CE400D0C636 /* variablepieData.json */ = {isa = PBXFileReference; fileEncoding = 4; lastKnownFileType = text.json; path = variablepieData.json; sourceTree = "<group>"; };
		44D27DBE255A6CE400D0C636 /* wordcloudData.json */ = {isa = PBXFileReference; fileEncoding = 4; lastKnownFileType = text.json; path = wordcloudData.json; sourceTree = "<group>"; };
		44D27DBF255A6CE400D0C636 /* bigHeatmapData.json */ = {isa = PBXFileReference; fileEncoding = 4; lastKnownFileType = text.json; path = bigHeatmapData.json; sourceTree = "<group>"; };
		44D27DC0255A6CE400D0C636 /* bellcurveData.json */ = {isa = PBXFileReference; fileEncoding = 4; lastKnownFileType = text.json; path = bellcurveData.json; sourceTree = "<group>"; };
		44D27DC1255A6CE400D0C636 /* treemapWithLevelsData.json */ = {isa = PBXFileReference; fileEncoding = 4; lastKnownFileType = text.json; path = treemapWithLevelsData.json; sourceTree = "<group>"; };
		44D27DC2255A6CE400D0C636 /* sankeyData.json */ = {isa = PBXFileReference; fileEncoding = 4; lastKnownFileType = text.json; path = sankeyData.json; sourceTree = "<group>"; };
		44D27DC3255A6CE400D0C636 /* timelineData.json */ = {isa = PBXFileReference; fileEncoding = 4; lastKnownFileType = text.json; path = timelineData.json; sourceTree = "<group>"; };
		44D27DC4255A6CE400D0C636 /* vennData.json */ = {isa = PBXFileReference; fileEncoding = 4; lastKnownFileType = text.json; path = vennData.json; sourceTree = "<group>"; };
		44D27DC5255A6CE400D0C636 /* variwideData.json */ = {isa = PBXFileReference; fileEncoding = 4; lastKnownFileType = text.json; path = variwideData.json; sourceTree = "<group>"; };
		44D27DC6255A6CE400D0C636 /* eulerData.json */ = {isa = PBXFileReference; fileEncoding = 4; lastKnownFileType = text.json; path = eulerData.json; sourceTree = "<group>"; };
		44D27DC7255A6CE400D0C636 /* dumbbellData.json */ = {isa = PBXFileReference; fileEncoding = 4; lastKnownFileType = text.json; path = dumbbellData.json; sourceTree = "<group>"; };
		44D27DC8255A6CE400D0C636 /* dependencywheelData.json */ = {isa = PBXFileReference; fileEncoding = 4; lastKnownFileType = text.json; path = dependencywheelData.json; sourceTree = "<group>"; };
		44D27DC9255A6CE400D0C636 /* vectorData.json */ = {isa = PBXFileReference; fileEncoding = 4; lastKnownFileType = text.json; path = vectorData.json; sourceTree = "<group>"; };
		44D27DCA255A6CE400D0C636 /* tilemapData.json */ = {isa = PBXFileReference; fileEncoding = 4; lastKnownFileType = text.json; path = tilemapData.json; sourceTree = "<group>"; };
		44D27DCB255A6CE400D0C636 /* networkgraphData.json */ = {isa = PBXFileReference; fileEncoding = 4; lastKnownFileType = text.json; path = networkgraphData.json; sourceTree = "<group>"; };
		44D27DEA255A6DD100D0C636 /* AAColorAxis.swift */ = {isa = PBXFileReference; lastKnownFileType = sourcecode.swift; path = AAColorAxis.swift; sourceTree = "<group>"; };
		44D27DF2255A706C00D0C636 /* AALevels.swift */ = {isa = PBXFileReference; lastKnownFileType = sourcecode.swift; path = AALevels.swift; sourceTree = "<group>"; };
		44D27DF7255A726400D0C636 /* AAPackedbubble.swift */ = {isa = PBXFileReference; lastKnownFileType = sourcecode.swift; path = AAPackedbubble.swift; sourceTree = "<group>"; };
		44D27DFC255A733D00D0C636 /* AATreemap.swift */ = {isa = PBXFileReference; lastKnownFileType = sourcecode.swift; path = AATreemap.swift; sourceTree = "<group>"; };
		44D27E01255A735700D0C636 /* AALayoutAlgorithm.swift */ = {isa = PBXFileReference; lastKnownFileType = sourcecode.swift; path = AALayoutAlgorithm.swift; sourceTree = "<group>"; };
		44D27E06255A793200D0C636 /* AAOptionsData.swift */ = {isa = PBXFileReference; lastKnownFileType = sourcecode.swift; path = AAOptionsData.swift; sourceTree = "<group>"; };
		44D27E0B255ADE1E00D0C636 /* AAOptionsSeries.swift */ = {isa = PBXFileReference; lastKnownFileType = sourcecode.swift; path = AAOptionsSeries.swift; sourceTree = "<group>"; };
		44D27E10255ADF1300D0C636 /* ChartProVC.swift */ = {isa = PBXFileReference; lastKnownFileType = sourcecode.swift; path = ChartProVC.swift; sourceTree = "<group>"; };
		8441A72826C25659007EAAA7 /* AAScrollablePlotArea.swift */ = {isa = PBXFileReference; fileEncoding = 4; lastKnownFileType = sourcecode.swift; path = AAScrollablePlotArea.swift; sourceTree = "<group>"; };
		8441A72926C25659007EAAA7 /* AAXAxis.swift */ = {isa = PBXFileReference; fileEncoding = 4; lastKnownFileType = sourcecode.swift; path = AAXAxis.swift; sourceTree = "<group>"; };
		8441A72A26C25659007EAAA7 /* AALang.swift */ = {isa = PBXFileReference; fileEncoding = 4; lastKnownFileType = sourcecode.swift; path = AALang.swift; sourceTree = "<group>"; };
		8441A72B26C25659007EAAA7 /* AAPlotBandsElement.swift */ = {isa = PBXFileReference; fileEncoding = 4; lastKnownFileType = sourcecode.swift; path = AAPlotBandsElement.swift; sourceTree = "<group>"; };
		8441A72C26C25659007EAAA7 /* AALabel.swift */ = {isa = PBXFileReference; fileEncoding = 4; lastKnownFileType = sourcecode.swift; path = AALabel.swift; sourceTree = "<group>"; };
		8441A72D26C25659007EAAA7 /* AAMarker.swift */ = {isa = PBXFileReference; fileEncoding = 4; lastKnownFileType = sourcecode.swift; path = AAMarker.swift; sourceTree = "<group>"; };
		8441A72E26C25659007EAAA7 /* AAPlotLinesElement.swift */ = {isa = PBXFileReference; fileEncoding = 4; lastKnownFileType = sourcecode.swift; path = AAPlotLinesElement.swift; sourceTree = "<group>"; };
		8441A72F26C25659007EAAA7 /* AATitle.swift */ = {isa = PBXFileReference; fileEncoding = 4; lastKnownFileType = sourcecode.swift; path = AATitle.swift; sourceTree = "<group>"; };
		8441A73026C25659007EAAA7 /* AAPlotOptions.swift */ = {isa = PBXFileReference; fileEncoding = 4; lastKnownFileType = sourcecode.swift; path = AAPlotOptions.swift; sourceTree = "<group>"; };
		8441A73126C25659007EAAA7 /* AADataLabels.swift */ = {isa = PBXFileReference; fileEncoding = 4; lastKnownFileType = sourcecode.swift; path = AADataLabels.swift; sourceTree = "<group>"; };
		8441A73226C25659007EAAA7 /* AALegend.swift */ = {isa = PBXFileReference; fileEncoding = 4; lastKnownFileType = sourcecode.swift; path = AALegend.swift; sourceTree = "<group>"; };
		8441A73326C25659007EAAA7 /* AALabels.swift */ = {isa = PBXFileReference; fileEncoding = 4; lastKnownFileType = sourcecode.swift; path = AALabels.swift; sourceTree = "<group>"; };
		8441A73426C25659007EAAA7 /* AASeries.swift */ = {isa = PBXFileReference; fileEncoding = 4; lastKnownFileType = sourcecode.swift; path = AASeries.swift; sourceTree = "<group>"; };
		8441A73526C2565A007EAAA7 /* AASubtitle.swift */ = {isa = PBXFileReference; fileEncoding = 4; lastKnownFileType = sourcecode.swift; path = AASubtitle.swift; sourceTree = "<group>"; };
		8441A73626C2565A007EAAA7 /* AAPane.swift */ = {isa = PBXFileReference; fileEncoding = 4; lastKnownFileType = sourcecode.swift; path = AAPane.swift; sourceTree = "<group>"; };
		8441A73726C2565A007EAAA7 /* AATooltip.swift */ = {isa = PBXFileReference; fileEncoding = 4; lastKnownFileType = sourcecode.swift; path = AATooltip.swift; sourceTree = "<group>"; };
		8441A73826C2565A007EAAA7 /* AACredits.swift */ = {isa = PBXFileReference; fileEncoding = 4; lastKnownFileType = sourcecode.swift; path = AACredits.swift; sourceTree = "<group>"; };
		8441A73926C2565A007EAAA7 /* AAAnimation.swift */ = {isa = PBXFileReference; fileEncoding = 4; lastKnownFileType = sourcecode.swift; path = AAAnimation.swift; sourceTree = "<group>"; };
		8441A73A26C2565A007EAAA7 /* AAChart.swift */ = {isa = PBXFileReference; fileEncoding = 4; lastKnownFileType = sourcecode.swift; path = AAChart.swift; sourceTree = "<group>"; };
		8441A73B26C2565A007EAAA7 /* AAStates.swift */ = {isa = PBXFileReference; fileEncoding = 4; lastKnownFileType = sourcecode.swift; path = AAStates.swift; sourceTree = "<group>"; };
		8441A73C26C2565A007EAAA7 /* AAYAxis.swift */ = {isa = PBXFileReference; fileEncoding = 4; lastKnownFileType = sourcecode.swift; path = AAYAxis.swift; sourceTree = "<group>"; };
		8441A73D26C2565A007EAAA7 /* AACrosshair.swift */ = {isa = PBXFileReference; fileEncoding = 4; lastKnownFileType = sourcecode.swift; path = AACrosshair.swift; sourceTree = "<group>"; };
		8441A75426C25665007EAAA7 /* AAChartView.swift */ = {isa = PBXFileReference; fileEncoding = 4; lastKnownFileType = sourcecode.swift; path = AAChartView.swift; sourceTree = "<group>"; };
		8441A75526C25665007EAAA7 /* AAOptions.swift */ = {isa = PBXFileReference; fileEncoding = 4; lastKnownFileType = sourcecode.swift; path = AAOptions.swift; sourceTree = "<group>"; };
		8441A75626C25665007EAAA7 /* AASerializable.swift */ = {isa = PBXFileReference; fileEncoding = 4; lastKnownFileType = sourcecode.swift; path = AASerializable.swift; sourceTree = "<group>"; };
		8441A75726C25665007EAAA7 /* AAChartModel.swift */ = {isa = PBXFileReference; fileEncoding = 4; lastKnownFileType = sourcecode.swift; path = AAChartModel.swift; sourceTree = "<group>"; };
		8441A75826C25665007EAAA7 /* AASeriesElement.swift */ = {isa = PBXFileReference; fileEncoding = 4; lastKnownFileType = sourcecode.swift; path = AASeriesElement.swift; sourceTree = "<group>"; };
		8441A75E26C2568E007EAAA7 /* AAExtension.swift */ = {isa = PBXFileReference; fileEncoding = 4; lastKnownFileType = sourcecode.swift; path = AAExtension.swift; sourceTree = "<group>"; };
		8441A75F26C2568F007EAAA7 /* AAColor.swift */ = {isa = PBXFileReference; fileEncoding = 4; lastKnownFileType = sourcecode.swift; path = AAColor.swift; sourceTree = "<group>"; };
		8441A76026C2568F007EAAA7 /* AAGradientColor.swift */ = {isa = PBXFileReference; fileEncoding = 4; lastKnownFileType = sourcecode.swift; path = AAGradientColor.swift; sourceTree = "<group>"; };
/* End PBXFileReference section */

/* Begin PBXFrameworksBuildPhase section */
		44D27C6C255A3CAF00D0C636 /* Frameworks */ = {
			isa = PBXFrameworksBuildPhase;
			buildActionMask = 2147483647;
			files = (
			);
			runOnlyForDeploymentPostprocessing = 0;
		};
		44D27C82255A3CB300D0C636 /* Frameworks */ = {
			isa = PBXFrameworksBuildPhase;
			buildActionMask = 2147483647;
			files = (
			);
			runOnlyForDeploymentPostprocessing = 0;
		};
		44D27C8D255A3CB400D0C636 /* Frameworks */ = {
			isa = PBXFrameworksBuildPhase;
			buildActionMask = 2147483647;
			files = (
			);
			runOnlyForDeploymentPostprocessing = 0;
		};
/* End PBXFrameworksBuildPhase section */

/* Begin PBXGroup section */
		44D27C66255A3CAF00D0C636 = {
			isa = PBXGroup;
			children = (
				44D27C71255A3CAF00D0C636 /* AAInfographics-ProDemo */,
				44D27C88255A3CB300D0C636 /* AAInfographics-ProDemoTests */,
				44D27C93255A3CB400D0C636 /* AAInfographics-ProDemoUITests */,
				44D27C70255A3CAF00D0C636 /* Products */,
			);
			sourceTree = "<group>";
		};
		44D27C70255A3CAF00D0C636 /* Products */ = {
			isa = PBXGroup;
			children = (
				44D27C6F255A3CAF00D0C636 /* AAInfographics-ProDemo.app */,
				44D27C85255A3CB300D0C636 /* AAInfographics-ProDemoTests.xctest */,
				44D27C90255A3CB400D0C636 /* AAInfographics-ProDemoUITests.xctest */,
			);
			name = Products;
			sourceTree = "<group>";
		};
		44D27C71255A3CAF00D0C636 /* AAInfographics-ProDemo */ = {
			isa = PBXGroup;
			children = (
				4490AFC8255C08B300C27B2D /* AAInfographics-ProDemo.entitlements */,
				44D27D31255A62F000D0C636 /* AAInfographics */,
				44D27D76255A631500D0C636 /* Demo */,
				44D27C72255A3CAF00D0C636 /* AppDelegate.swift */,
				44D27C74255A3CAF00D0C636 /* SceneDelegate.swift */,
				44D27C76255A3CAF00D0C636 /* ViewController.swift */,
				44D27C78255A3CAF00D0C636 /* Main.storyboard */,
				44D27C7B255A3CB300D0C636 /* Assets.xcassets */,
				44D27C7D255A3CB300D0C636 /* LaunchScreen.storyboard */,
				44D27C80255A3CB300D0C636 /* Info.plist */,
			);
			path = "AAInfographics-ProDemo";
			sourceTree = "<group>";
		};
		44D27C88255A3CB300D0C636 /* AAInfographics-ProDemoTests */ = {
			isa = PBXGroup;
			children = (
				44D27C89255A3CB300D0C636 /* AAInfographics_ProDemoTests.swift */,
				44D27C8B255A3CB400D0C636 /* Info.plist */,
			);
			path = "AAInfographics-ProDemoTests";
			sourceTree = "<group>";
		};
		44D27C93255A3CB400D0C636 /* AAInfographics-ProDemoUITests */ = {
			isa = PBXGroup;
			children = (
				44D27C94255A3CB400D0C636 /* AAInfographics_ProDemoUITests.swift */,
				44D27C96255A3CB400D0C636 /* Info.plist */,
			);
			path = "AAInfographics-ProDemoUITests";
			sourceTree = "<group>";
		};
		44D27D31255A62F000D0C636 /* AAInfographics */ = {
			isa = PBXGroup;
			children = (
				44D27D32255A62F000D0C636 /* AAChartCreator */,
				44D27D3D255A62F100D0C636 /* AAOptionsModel */,
				44D27DE9255A6D9100D0C636 /* AAOptionsProModel */,
				44D27D39255A62F000D0C636 /* AATool */,
				44D27DAB255A6C0700D0C636 /* AAJSFiles.bundle */,
				27F872A925E797690068380F /* ProjectBundlePathLoader.swift */,
			);
			path = AAInfographics;
			sourceTree = "<group>";
		};
		44D27D32255A62F000D0C636 /* AAChartCreator */ = {
			isa = PBXGroup;
			children = (
				8441A75726C25665007EAAA7 /* AAChartModel.swift */,
				8441A75426C25665007EAAA7 /* AAChartView.swift */,
				8441A75526C25665007EAAA7 /* AAOptions.swift */,
				8441A75626C25665007EAAA7 /* AASerializable.swift */,
				8441A75826C25665007EAAA7 /* AASeriesElement.swift */,
			);
			path = AAChartCreator;
			sourceTree = "<group>";
		};
		44D27D39255A62F000D0C636 /* AATool */ = {
			isa = PBXGroup;
			children = (
				8441A75F26C2568F007EAAA7 /* AAColor.swift */,
				8441A75E26C2568E007EAAA7 /* AAExtension.swift */,
				8441A76026C2568F007EAAA7 /* AAGradientColor.swift */,
			);
			path = AATool;
			sourceTree = "<group>";
		};
		44D27D3D255A62F100D0C636 /* AAOptionsModel */ = {
			isa = PBXGroup;
			children = (
				8441A73926C2565A007EAAA7 /* AAAnimation.swift */,
				8441A73A26C2565A007EAAA7 /* AAChart.swift */,
				8441A73826C2565A007EAAA7 /* AACredits.swift */,
				8441A73D26C2565A007EAAA7 /* AACrosshair.swift */,
				8441A73126C25659007EAAA7 /* AADataLabels.swift */,
				8441A72C26C25659007EAAA7 /* AALabel.swift */,
				8441A73326C25659007EAAA7 /* AALabels.swift */,
				8441A72A26C25659007EAAA7 /* AALang.swift */,
				8441A73226C25659007EAAA7 /* AALegend.swift */,
				8441A72D26C25659007EAAA7 /* AAMarker.swift */,
				8441A73626C2565A007EAAA7 /* AAPane.swift */,
				8441A72B26C25659007EAAA7 /* AAPlotBandsElement.swift */,
				8441A72E26C25659007EAAA7 /* AAPlotLinesElement.swift */,
				8441A73026C25659007EAAA7 /* AAPlotOptions.swift */,
				8441A72826C25659007EAAA7 /* AAScrollablePlotArea.swift */,
				8441A73426C25659007EAAA7 /* AASeries.swift */,
				8441A73B26C2565A007EAAA7 /* AAStates.swift */,
				8441A73526C2565A007EAAA7 /* AASubtitle.swift */,
				8441A72F26C25659007EAAA7 /* AATitle.swift */,
				8441A73726C2565A007EAAA7 /* AATooltip.swift */,
				8441A72926C25659007EAAA7 /* AAXAxis.swift */,
				8441A73C26C2565A007EAAA7 /* AAYAxis.swift */,
			);
			path = AAOptionsModel;
			sourceTree = "<group>";
		};
		44D27D76255A631500D0C636 /* Demo */ = {
			isa = PBXGroup;
			children = (
				44D27DB0255A6CBE00D0C636 /* AAInfographics-Pro */,
			);
			path = Demo;
			sourceTree = "<group>";
		};
		44D27DB0255A6CBE00D0C636 /* AAInfographics-Pro */ = {
			isa = PBXGroup;
			children = (
				44D27DA3255A64A700D0C636 /* MainVC.swift */,
				44D27E10255ADF1300D0C636 /* ChartProVC.swift */,
				44D27D7E255A631500D0C636 /* AABaseChartVC.swift */,
				44D27E06255A793200D0C636 /* AAOptionsData.swift */,
				44D27E0B255ADE1E00D0C636 /* AAOptionsSeries.swift */,
				44D27DB4255A6CE300D0C636 /* DataJsonFiles */,
				44D27DB1255A6CE300D0C636 /* SeriesJsonFiles */,
			);
			path = "AAInfographics-Pro";
			sourceTree = "<group>";
		};
		44D27DB1255A6CE300D0C636 /* SeriesJsonFiles */ = {
			isa = PBXGroup;
			children = (
				44D27DB2255A6CE300D0C636 /* packedbubbleSeries.json */,
				44D27DB3255A6CE300D0C636 /* streamgraphSeries.json */,
			);
			path = SeriesJsonFiles;
			sourceTree = "<group>";
		};
		44D27DB4255A6CE300D0C636 /* DataJsonFiles */ = {
			isa = PBXGroup;
			children = (
				44D27DB5255A6CE300D0C636 /* drilldownTreemapData.json */,
				44D27DB6255A6CE400D0C636 /* treemapWithColorAxisData.json */,
				44D27DB7255A6CE400D0C636 /* windbarbData.json */,
				44D27DB8255A6CE400D0C636 /* lollipopData.json */,
				44D27DB9255A6CE400D0C636 /* heatmapData.json */,
				44D27DBA255A6CE400D0C636 /* sunburstData.json */,
				44D27DBB255A6CE400D0C636 /* itemData.json */,
				44D27DBC255A6CE400D0C636 /* columnpyramidData.json */,
				44D27DBD255A6CE400D0C636 /* variablepieData.json */,
				44D27DBE255A6CE400D0C636 /* wordcloudData.json */,
				44D27DBF255A6CE400D0C636 /* bigHeatmapData.json */,
				44D27DC0255A6CE400D0C636 /* bellcurveData.json */,
				44D27DC1255A6CE400D0C636 /* treemapWithLevelsData.json */,
				44D27DC2255A6CE400D0C636 /* sankeyData.json */,
				44D27DC3255A6CE400D0C636 /* timelineData.json */,
				44D27DC4255A6CE400D0C636 /* vennData.json */,
				44D27DC5255A6CE400D0C636 /* variwideData.json */,
				44D27DC6255A6CE400D0C636 /* eulerData.json */,
				44D27DC7255A6CE400D0C636 /* dumbbellData.json */,
				44D27DC8255A6CE400D0C636 /* dependencywheelData.json */,
				44D27DC9255A6CE400D0C636 /* vectorData.json */,
				44D27DCA255A6CE400D0C636 /* tilemapData.json */,
				44D27DCB255A6CE400D0C636 /* networkgraphData.json */,
			);
			path = DataJsonFiles;
			sourceTree = "<group>";
		};
		44D27DE9255A6D9100D0C636 /* AAOptionsProModel */ = {
			isa = PBXGroup;
			children = (
				44D27DEA255A6DD100D0C636 /* AAColorAxis.swift */,
				44D27DF2255A706C00D0C636 /* AALevels.swift */,
				44D27DF7255A726400D0C636 /* AAPackedbubble.swift */,
				44D27DFC255A733D00D0C636 /* AATreemap.swift */,
				44D27E01255A735700D0C636 /* AALayoutAlgorithm.swift */,
			);
			path = AAOptionsProModel;
			sourceTree = "<group>";
		};
/* End PBXGroup section */

/* Begin PBXNativeTarget section */
		44D27C6E255A3CAF00D0C636 /* AAInfographics-ProDemo */ = {
			isa = PBXNativeTarget;
			buildConfigurationList = 44D27C99255A3CB400D0C636 /* Build configuration list for PBXNativeTarget "AAInfographics-ProDemo" */;
			buildPhases = (
				44D27C6B255A3CAF00D0C636 /* Sources */,
				44D27C6C255A3CAF00D0C636 /* Frameworks */,
				44D27C6D255A3CAF00D0C636 /* Resources */,
			);
			buildRules = (
			);
			dependencies = (
			);
			name = "AAInfographics-ProDemo";
			productName = "AAInfographics-ProDemo";
			productReference = 44D27C6F255A3CAF00D0C636 /* AAInfographics-ProDemo.app */;
			productType = "com.apple.product-type.application";
		};
		44D27C84255A3CB300D0C636 /* AAInfographics-ProDemoTests */ = {
			isa = PBXNativeTarget;
			buildConfigurationList = 44D27C9C255A3CB400D0C636 /* Build configuration list for PBXNativeTarget "AAInfographics-ProDemoTests" */;
			buildPhases = (
				44D27C81255A3CB300D0C636 /* Sources */,
				44D27C82255A3CB300D0C636 /* Frameworks */,
				44D27C83255A3CB300D0C636 /* Resources */,
			);
			buildRules = (
			);
			dependencies = (
				44D27C87255A3CB300D0C636 /* PBXTargetDependency */,
			);
			name = "AAInfographics-ProDemoTests";
			productName = "AAInfographics-ProDemoTests";
			productReference = 44D27C85255A3CB300D0C636 /* AAInfographics-ProDemoTests.xctest */;
			productType = "com.apple.product-type.bundle.unit-test";
		};
		44D27C8F255A3CB400D0C636 /* AAInfographics-ProDemoUITests */ = {
			isa = PBXNativeTarget;
			buildConfigurationList = 44D27C9F255A3CB400D0C636 /* Build configuration list for PBXNativeTarget "AAInfographics-ProDemoUITests" */;
			buildPhases = (
				44D27C8C255A3CB400D0C636 /* Sources */,
				44D27C8D255A3CB400D0C636 /* Frameworks */,
				44D27C8E255A3CB400D0C636 /* Resources */,
			);
			buildRules = (
			);
			dependencies = (
				44D27C92255A3CB400D0C636 /* PBXTargetDependency */,
			);
			name = "AAInfographics-ProDemoUITests";
			productName = "AAInfographics-ProDemoUITests";
			productReference = 44D27C90255A3CB400D0C636 /* AAInfographics-ProDemoUITests.xctest */;
			productType = "com.apple.product-type.bundle.ui-testing";
		};
/* End PBXNativeTarget section */

/* Begin PBXProject section */
		44D27C67255A3CAF00D0C636 /* Project object */ = {
			isa = PBXProject;
			attributes = {
				LastSwiftUpdateCheck = 1200;
				LastUpgradeCheck = 1200;
				TargetAttributes = {
					44D27C6E255A3CAF00D0C636 = {
						CreatedOnToolsVersion = 12.0;
					};
					44D27C84255A3CB300D0C636 = {
						CreatedOnToolsVersion = 12.0;
						TestTargetID = 44D27C6E255A3CAF00D0C636;
					};
					44D27C8F255A3CB400D0C636 = {
						CreatedOnToolsVersion = 12.0;
						TestTargetID = 44D27C6E255A3CAF00D0C636;
					};
				};
			};
			buildConfigurationList = 44D27C6A255A3CAF00D0C636 /* Build configuration list for PBXProject "AAInfographics-ProDemo" */;
			compatibilityVersion = "Xcode 9.3";
			developmentRegion = en;
			hasScannedForEncodings = 0;
			knownRegions = (
				en,
				Base,
			);
			mainGroup = 44D27C66255A3CAF00D0C636;
			productRefGroup = 44D27C70255A3CAF00D0C636 /* Products */;
			projectDirPath = "";
			projectRoot = "";
			targets = (
				44D27C6E255A3CAF00D0C636 /* AAInfographics-ProDemo */,
				44D27C84255A3CB300D0C636 /* AAInfographics-ProDemoTests */,
				44D27C8F255A3CB400D0C636 /* AAInfographics-ProDemoUITests */,
			);
		};
/* End PBXProject section */

/* Begin PBXResourcesBuildPhase section */
		44D27C6D255A3CAF00D0C636 /* Resources */ = {
			isa = PBXResourcesBuildPhase;
			buildActionMask = 2147483647;
			files = (
				44D27C7F255A3CB300D0C636 /* LaunchScreen.storyboard in Resources */,
				44D27C7C255A3CB300D0C636 /* Assets.xcassets in Resources */,
				44D27DE4255A6CE400D0C636 /* networkgraphData.json in Resources */,
				44D27DE2255A6CE400D0C636 /* vectorData.json in Resources */,
				44D27DAC255A6C0700D0C636 /* AAJSFiles.bundle in Resources */,
				44D27DCD255A6CE400D0C636 /* streamgraphSeries.json in Resources */,
				44D27DDB255A6CE400D0C636 /* sankeyData.json in Resources */,
				44D27DDF255A6CE400D0C636 /* eulerData.json in Resources */,
				44D27DD9255A6CE400D0C636 /* bellcurveData.json in Resources */,
				44D27DD0255A6CE400D0C636 /* windbarbData.json in Resources */,
				44D27DD3255A6CE400D0C636 /* sunburstData.json in Resources */,
				44D27DE3255A6CE400D0C636 /* tilemapData.json in Resources */,
				44D27DDC255A6CE400D0C636 /* timelineData.json in Resources */,
				44D27DDE255A6CE400D0C636 /* variwideData.json in Resources */,
				44D27DCE255A6CE400D0C636 /* drilldownTreemapData.json in Resources */,
				44D27DDD255A6CE400D0C636 /* vennData.json in Resources */,
				44D27DDA255A6CE400D0C636 /* treemapWithLevelsData.json in Resources */,
				44D27DD7255A6CE400D0C636 /* wordcloudData.json in Resources */,
				44D27DCF255A6CE400D0C636 /* treemapWithColorAxisData.json in Resources */,
				44D27DD5255A6CE400D0C636 /* columnpyramidData.json in Resources */,
				44D27C7A255A3CAF00D0C636 /* Main.storyboard in Resources */,
				44D27DD2255A6CE400D0C636 /* heatmapData.json in Resources */,
				44D27DE0255A6CE400D0C636 /* dumbbellData.json in Resources */,
				44D27DE1255A6CE400D0C636 /* dependencywheelData.json in Resources */,
				44D27DD6255A6CE400D0C636 /* variablepieData.json in Resources */,
				44D27DD1255A6CE400D0C636 /* lollipopData.json in Resources */,
				44D27DCC255A6CE400D0C636 /* packedbubbleSeries.json in Resources */,
				44D27DD4255A6CE400D0C636 /* itemData.json in Resources */,
				44D27DD8255A6CE400D0C636 /* bigHeatmapData.json in Resources */,
			);
			runOnlyForDeploymentPostprocessing = 0;
		};
		44D27C83255A3CB300D0C636 /* Resources */ = {
			isa = PBXResourcesBuildPhase;
			buildActionMask = 2147483647;
			files = (
			);
			runOnlyForDeploymentPostprocessing = 0;
		};
		44D27C8E255A3CB400D0C636 /* Resources */ = {
			isa = PBXResourcesBuildPhase;
			buildActionMask = 2147483647;
			files = (
			);
			runOnlyForDeploymentPostprocessing = 0;
		};
/* End PBXResourcesBuildPhase section */

/* Begin PBXSourcesBuildPhase section */
		44D27C6B255A3CAF00D0C636 /* Sources */ = {
			isa = PBXSourcesBuildPhase;
			buildActionMask = 2147483647;
			files = (
				8441A75C26C25665007EAAA7 /* AAChartModel.swift in Sources */,
				44D27DA4255A64A700D0C636 /* MainVC.swift in Sources */,
				8441A74126C2565A007EAAA7 /* AAPlotBandsElement.swift in Sources */,
				44D27DEB255A6DD100D0C636 /* AAColorAxis.swift in Sources */,
				8441A75926C25665007EAAA7 /* AAChartView.swift in Sources */,
				44D27E11255ADF1300D0C636 /* ChartProVC.swift in Sources */,
				8441A74026C2565A007EAAA7 /* AALang.swift in Sources */,
				8441A74326C2565A007EAAA7 /* AAMarker.swift in Sources */,
				8441A74E26C2565A007EAAA7 /* AACredits.swift in Sources */,
				27F872AB25E797690068380F /* ProjectBundlePathLoader.swift in Sources */,
				8441A74726C2565A007EAAA7 /* AADataLabels.swift in Sources */,
				8441A76126C2568F007EAAA7 /* AAExtension.swift in Sources */,
				44D27C77255A3CAF00D0C636 /* ViewController.swift in Sources */,
				8441A74926C2565A007EAAA7 /* AALabels.swift in Sources */,
				8441A74B26C2565A007EAAA7 /* AASubtitle.swift in Sources */,
				8441A76326C2568F007EAAA7 /* AAGradientColor.swift in Sources */,
				8441A74426C2565A007EAAA7 /* AAPlotLinesElement.swift in Sources */,
				8441A74C26C2565A007EAAA7 /* AAPane.swift in Sources */,
				8441A73E26C2565A007EAAA7 /* AAScrollablePlotArea.swift in Sources */,
				8441A75026C2565A007EAAA7 /* AAChart.swift in Sources */,
				8441A75B26C25665007EAAA7 /* AASerializable.swift in Sources */,
				8441A74626C2565A007EAAA7 /* AAPlotOptions.swift in Sources */,
				8441A75326C2565A007EAAA7 /* AACrosshair.swift in Sources */,
				44D27DF8255A726400D0C636 /* AAPackedbubble.swift in Sources */,
				44D27DFD255A733D00D0C636 /* AATreemap.swift in Sources */,
				8441A74526C2565A007EAAA7 /* AATitle.swift in Sources */,
				44D27E02255A735700D0C636 /* AALayoutAlgorithm.swift in Sources */,
				44D27D91255A631500D0C636 /* AABaseChartVC.swift in Sources */,
				8441A74826C2565A007EAAA7 /* AALegend.swift in Sources */,
				8441A75226C2565A007EAAA7 /* AAYAxis.swift in Sources */,
				8441A74F26C2565A007EAAA7 /* AAAnimation.swift in Sources */,
				44D27E0C255ADE1E00D0C636 /* AAOptionsSeries.swift in Sources */,
				8441A76226C2568F007EAAA7 /* AAColor.swift in Sources */,
				8441A74226C2565A007EAAA7 /* AALabel.swift in Sources */,
				8441A74A26C2565A007EAAA7 /* AASeries.swift in Sources */,
				8441A74D26C2565A007EAAA7 /* AATooltip.swift in Sources */,
				8441A73F26C2565A007EAAA7 /* AAXAxis.swift in Sources */,
				8441A75D26C25665007EAAA7 /* AASeriesElement.swift in Sources */,
				44D27C73255A3CAF00D0C636 /* AppDelegate.swift in Sources */,
				44D27C75255A3CAF00D0C636 /* SceneDelegate.swift in Sources */,
				8441A75126C2565A007EAAA7 /* AAStates.swift in Sources */,
				8441A75A26C25665007EAAA7 /* AAOptions.swift in Sources */,
				44D27E07255A793200D0C636 /* AAOptionsData.swift in Sources */,
				44D27DF3255A706C00D0C636 /* AALevels.swift in Sources */,
			);
			runOnlyForDeploymentPostprocessing = 0;
		};
		44D27C81255A3CB300D0C636 /* Sources */ = {
			isa = PBXSourcesBuildPhase;
			buildActionMask = 2147483647;
			files = (
				44D27C8A255A3CB300D0C636 /* AAInfographics_ProDemoTests.swift in Sources */,
			);
			runOnlyForDeploymentPostprocessing = 0;
		};
		44D27C8C255A3CB400D0C636 /* Sources */ = {
			isa = PBXSourcesBuildPhase;
			buildActionMask = 2147483647;
			files = (
				44D27C95255A3CB400D0C636 /* AAInfographics_ProDemoUITests.swift in Sources */,
			);
			runOnlyForDeploymentPostprocessing = 0;
		};
/* End PBXSourcesBuildPhase section */

/* Begin PBXTargetDependency section */
		44D27C87255A3CB300D0C636 /* PBXTargetDependency */ = {
			isa = PBXTargetDependency;
			target = 44D27C6E255A3CAF00D0C636 /* AAInfographics-ProDemo */;
			targetProxy = 44D27C86255A3CB300D0C636 /* PBXContainerItemProxy */;
		};
		44D27C92255A3CB400D0C636 /* PBXTargetDependency */ = {
			isa = PBXTargetDependency;
			target = 44D27C6E255A3CAF00D0C636 /* AAInfographics-ProDemo */;
			targetProxy = 44D27C91255A3CB400D0C636 /* PBXContainerItemProxy */;
		};
/* End PBXTargetDependency section */

/* Begin PBXVariantGroup section */
		44D27C78255A3CAF00D0C636 /* Main.storyboard */ = {
			isa = PBXVariantGroup;
			children = (
				44D27C79255A3CAF00D0C636 /* Base */,
			);
			name = Main.storyboard;
			sourceTree = "<group>";
		};
		44D27C7D255A3CB300D0C636 /* LaunchScreen.storyboard */ = {
			isa = PBXVariantGroup;
			children = (
				44D27C7E255A3CB300D0C636 /* Base */,
			);
			name = LaunchScreen.storyboard;
			sourceTree = "<group>";
		};
/* End PBXVariantGroup section */

/* Begin XCBuildConfiguration section */
		44D27C97255A3CB400D0C636 /* Debug */ = {
			isa = XCBuildConfiguration;
			buildSettings = {
				ALWAYS_SEARCH_USER_PATHS = NO;
				CLANG_ANALYZER_NONNULL = YES;
				CLANG_ANALYZER_NUMBER_OBJECT_CONVERSION = YES_AGGRESSIVE;
				CLANG_CXX_LANGUAGE_STANDARD = "gnu++14";
				CLANG_CXX_LIBRARY = "libc++";
				CLANG_ENABLE_MODULES = YES;
				CLANG_ENABLE_OBJC_ARC = YES;
				CLANG_ENABLE_OBJC_WEAK = YES;
				CLANG_WARN_BLOCK_CAPTURE_AUTORELEASING = YES;
				CLANG_WARN_BOOL_CONVERSION = YES;
				CLANG_WARN_COMMA = YES;
				CLANG_WARN_CONSTANT_CONVERSION = YES;
				CLANG_WARN_DEPRECATED_OBJC_IMPLEMENTATIONS = YES;
				CLANG_WARN_DIRECT_OBJC_ISA_USAGE = YES_ERROR;
				CLANG_WARN_DOCUMENTATION_COMMENTS = YES;
				CLANG_WARN_EMPTY_BODY = YES;
				CLANG_WARN_ENUM_CONVERSION = YES;
				CLANG_WARN_INFINITE_RECURSION = YES;
				CLANG_WARN_INT_CONVERSION = YES;
				CLANG_WARN_NON_LITERAL_NULL_CONVERSION = YES;
				CLANG_WARN_OBJC_IMPLICIT_RETAIN_SELF = YES;
				CLANG_WARN_OBJC_LITERAL_CONVERSION = YES;
				CLANG_WARN_OBJC_ROOT_CLASS = YES_ERROR;
				CLANG_WARN_QUOTED_INCLUDE_IN_FRAMEWORK_HEADER = YES;
				CLANG_WARN_RANGE_LOOP_ANALYSIS = YES;
				CLANG_WARN_STRICT_PROTOTYPES = YES;
				CLANG_WARN_SUSPICIOUS_MOVE = YES;
				CLANG_WARN_UNGUARDED_AVAILABILITY = YES_AGGRESSIVE;
				CLANG_WARN_UNREACHABLE_CODE = YES;
				CLANG_WARN__DUPLICATE_METHOD_MATCH = YES;
				COPY_PHASE_STRIP = NO;
				DEBUG_INFORMATION_FORMAT = dwarf;
				ENABLE_STRICT_OBJC_MSGSEND = YES;
				ENABLE_TESTABILITY = YES;
				GCC_C_LANGUAGE_STANDARD = gnu11;
				GCC_DYNAMIC_NO_PIC = NO;
				GCC_NO_COMMON_BLOCKS = YES;
				GCC_OPTIMIZATION_LEVEL = 0;
				GCC_PREPROCESSOR_DEFINITIONS = (
					"DEBUG=1",
					"$(inherited)",
				);
				GCC_WARN_64_TO_32_BIT_CONVERSION = YES;
				GCC_WARN_ABOUT_RETURN_TYPE = YES_ERROR;
				GCC_WARN_UNDECLARED_SELECTOR = YES;
				GCC_WARN_UNINITIALIZED_AUTOS = YES_AGGRESSIVE;
				GCC_WARN_UNUSED_FUNCTION = YES;
				GCC_WARN_UNUSED_VARIABLE = YES;
				IPHONEOS_DEPLOYMENT_TARGET = 14.0;
				MTL_ENABLE_DEBUG_INFO = INCLUDE_SOURCE;
				MTL_FAST_MATH = YES;
				ONLY_ACTIVE_ARCH = YES;
				SDKROOT = iphoneos;
				SWIFT_ACTIVE_COMPILATION_CONDITIONS = DEBUG;
				SWIFT_OPTIMIZATION_LEVEL = "-Onone";
			};
			name = Debug;
		};
		44D27C98255A3CB400D0C636 /* Release */ = {
			isa = XCBuildConfiguration;
			buildSettings = {
				ALWAYS_SEARCH_USER_PATHS = NO;
				CLANG_ANALYZER_NONNULL = YES;
				CLANG_ANALYZER_NUMBER_OBJECT_CONVERSION = YES_AGGRESSIVE;
				CLANG_CXX_LANGUAGE_STANDARD = "gnu++14";
				CLANG_CXX_LIBRARY = "libc++";
				CLANG_ENABLE_MODULES = YES;
				CLANG_ENABLE_OBJC_ARC = YES;
				CLANG_ENABLE_OBJC_WEAK = YES;
				CLANG_WARN_BLOCK_CAPTURE_AUTORELEASING = YES;
				CLANG_WARN_BOOL_CONVERSION = YES;
				CLANG_WARN_COMMA = YES;
				CLANG_WARN_CONSTANT_CONVERSION = YES;
				CLANG_WARN_DEPRECATED_OBJC_IMPLEMENTATIONS = YES;
				CLANG_WARN_DIRECT_OBJC_ISA_USAGE = YES_ERROR;
				CLANG_WARN_DOCUMENTATION_COMMENTS = YES;
				CLANG_WARN_EMPTY_BODY = YES;
				CLANG_WARN_ENUM_CONVERSION = YES;
				CLANG_WARN_INFINITE_RECURSION = YES;
				CLANG_WARN_INT_CONVERSION = YES;
				CLANG_WARN_NON_LITERAL_NULL_CONVERSION = YES;
				CLANG_WARN_OBJC_IMPLICIT_RETAIN_SELF = YES;
				CLANG_WARN_OBJC_LITERAL_CONVERSION = YES;
				CLANG_WARN_OBJC_ROOT_CLASS = YES_ERROR;
				CLANG_WARN_QUOTED_INCLUDE_IN_FRAMEWORK_HEADER = YES;
				CLANG_WARN_RANGE_LOOP_ANALYSIS = YES;
				CLANG_WARN_STRICT_PROTOTYPES = YES;
				CLANG_WARN_SUSPICIOUS_MOVE = YES;
				CLANG_WARN_UNGUARDED_AVAILABILITY = YES_AGGRESSIVE;
				CLANG_WARN_UNREACHABLE_CODE = YES;
				CLANG_WARN__DUPLICATE_METHOD_MATCH = YES;
				COPY_PHASE_STRIP = NO;
				DEBUG_INFORMATION_FORMAT = "dwarf-with-dsym";
				ENABLE_NS_ASSERTIONS = NO;
				ENABLE_STRICT_OBJC_MSGSEND = YES;
				GCC_C_LANGUAGE_STANDARD = gnu11;
				GCC_NO_COMMON_BLOCKS = YES;
				GCC_WARN_64_TO_32_BIT_CONVERSION = YES;
				GCC_WARN_ABOUT_RETURN_TYPE = YES_ERROR;
				GCC_WARN_UNDECLARED_SELECTOR = YES;
				GCC_WARN_UNINITIALIZED_AUTOS = YES_AGGRESSIVE;
				GCC_WARN_UNUSED_FUNCTION = YES;
				GCC_WARN_UNUSED_VARIABLE = YES;
				IPHONEOS_DEPLOYMENT_TARGET = 14.0;
				MTL_ENABLE_DEBUG_INFO = NO;
				MTL_FAST_MATH = YES;
				SDKROOT = iphoneos;
				SWIFT_COMPILATION_MODE = wholemodule;
				SWIFT_OPTIMIZATION_LEVEL = "-O";
				VALIDATE_PRODUCT = YES;
			};
			name = Release;
		};
		44D27C9A255A3CB400D0C636 /* Debug */ = {
			isa = XCBuildConfiguration;
			buildSettings = {
				ASSETCATALOG_COMPILER_APPICON_NAME = AppIcon;
				ASSETCATALOG_COMPILER_GLOBAL_ACCENT_COLOR_NAME = AccentColor;
				CODE_SIGN_ENTITLEMENTS = "AAInfographics-ProDemo/AAInfographics-ProDemo.entitlements";
				CODE_SIGN_STYLE = Automatic;
				DEVELOPMENT_TEAM = BPAYP34L8N;
				INFOPLIST_FILE = "AAInfographics-ProDemo/Info.plist";
				LD_RUNPATH_SEARCH_PATHS = (
					"$(inherited)",
					"@executable_path/Frameworks",
				);
				PRODUCT_BUNDLE_IDENTIFIER = fdafdas;
				PRODUCT_NAME = "$(TARGET_NAME)";
				SUPPORTS_MACCATALYST = YES;
				SWIFT_VERSION = 5.0;
				TARGETED_DEVICE_FAMILY = "1,2";
			};
			name = Debug;
		};
		44D27C9B255A3CB400D0C636 /* Release */ = {
			isa = XCBuildConfiguration;
			buildSettings = {
				ASSETCATALOG_COMPILER_APPICON_NAME = AppIcon;
				ASSETCATALOG_COMPILER_GLOBAL_ACCENT_COLOR_NAME = AccentColor;
				CODE_SIGN_ENTITLEMENTS = "AAInfographics-ProDemo/AAInfographics-ProDemo.entitlements";
				CODE_SIGN_STYLE = Automatic;
				DEVELOPMENT_TEAM = BPAYP34L8N;
				INFOPLIST_FILE = "AAInfographics-ProDemo/Info.plist";
				LD_RUNPATH_SEARCH_PATHS = (
					"$(inherited)",
					"@executable_path/Frameworks",
				);
				PRODUCT_BUNDLE_IDENTIFIER = fdafdas;
				PRODUCT_NAME = "$(TARGET_NAME)";
				SUPPORTS_MACCATALYST = YES;
				SWIFT_VERSION = 5.0;
				TARGETED_DEVICE_FAMILY = "1,2";
			};
			name = Release;
		};
		44D27C9D255A3CB400D0C636 /* Debug */ = {
			isa = XCBuildConfiguration;
			buildSettings = {
				ALWAYS_EMBED_SWIFT_STANDARD_LIBRARIES = YES;
				BUNDLE_LOADER = "$(TEST_HOST)";
				CODE_SIGN_STYLE = Automatic;
				DEVELOPMENT_TEAM = BPAYP34L8N;
				INFOPLIST_FILE = "AAInfographics-ProDemoTests/Info.plist";
				IPHONEOS_DEPLOYMENT_TARGET = 14.0;
				LD_RUNPATH_SEARCH_PATHS = (
					"$(inherited)",
					"@executable_path/Frameworks",
					"@loader_path/Frameworks",
				);
				PRODUCT_BUNDLE_IDENTIFIER = "AAChartModel.com.AAInfographics-ProDemoTests";
				PRODUCT_NAME = "$(TARGET_NAME)";
				SWIFT_VERSION = 5.0;
				TARGETED_DEVICE_FAMILY = "1,2";
				TEST_HOST = "$(BUILT_PRODUCTS_DIR)/AAInfographics-ProDemo.app/AAInfographics-ProDemo";
			};
			name = Debug;
		};
		44D27C9E255A3CB400D0C636 /* Release */ = {
			isa = XCBuildConfiguration;
			buildSettings = {
				ALWAYS_EMBED_SWIFT_STANDARD_LIBRARIES = YES;
				BUNDLE_LOADER = "$(TEST_HOST)";
				CODE_SIGN_STYLE = Automatic;
				DEVELOPMENT_TEAM = BPAYP34L8N;
				INFOPLIST_FILE = "AAInfographics-ProDemoTests/Info.plist";
				IPHONEOS_DEPLOYMENT_TARGET = 14.0;
				LD_RUNPATH_SEARCH_PATHS = (
					"$(inherited)",
					"@executable_path/Frameworks",
					"@loader_path/Frameworks",
				);
				PRODUCT_BUNDLE_IDENTIFIER = "AAChartModel.com.AAInfographics-ProDemoTests";
				PRODUCT_NAME = "$(TARGET_NAME)";
				SWIFT_VERSION = 5.0;
				TARGETED_DEVICE_FAMILY = "1,2";
				TEST_HOST = "$(BUILT_PRODUCTS_DIR)/AAInfographics-ProDemo.app/AAInfographics-ProDemo";
			};
			name = Release;
		};
		44D27CA0255A3CB400D0C636 /* Debug */ = {
			isa = XCBuildConfiguration;
			buildSettings = {
				ALWAYS_EMBED_SWIFT_STANDARD_LIBRARIES = YES;
				CODE_SIGN_STYLE = Automatic;
				DEVELOPMENT_TEAM = BPAYP34L8N;
				INFOPLIST_FILE = "AAInfographics-ProDemoUITests/Info.plist";
				LD_RUNPATH_SEARCH_PATHS = (
					"$(inherited)",
					"@executable_path/Frameworks",
					"@loader_path/Frameworks",
				);
				PRODUCT_BUNDLE_IDENTIFIER = "AAChartModel.com.AAInfographics-ProDemoUITests";
				PRODUCT_NAME = "$(TARGET_NAME)";
				SWIFT_VERSION = 5.0;
				TARGETED_DEVICE_FAMILY = "1,2";
				TEST_TARGET_NAME = "AAInfographics-ProDemo";
			};
			name = Debug;
		};
		44D27CA1255A3CB400D0C636 /* Release */ = {
			isa = XCBuildConfiguration;
			buildSettings = {
				ALWAYS_EMBED_SWIFT_STANDARD_LIBRARIES = YES;
				CODE_SIGN_STYLE = Automatic;
				DEVELOPMENT_TEAM = BPAYP34L8N;
				INFOPLIST_FILE = "AAInfographics-ProDemoUITests/Info.plist";
				LD_RUNPATH_SEARCH_PATHS = (
					"$(inherited)",
					"@executable_path/Frameworks",
					"@loader_path/Frameworks",
				);
				PRODUCT_BUNDLE_IDENTIFIER = "AAChartModel.com.AAInfographics-ProDemoUITests";
				PRODUCT_NAME = "$(TARGET_NAME)";
				SWIFT_VERSION = 5.0;
				TARGETED_DEVICE_FAMILY = "1,2";
				TEST_TARGET_NAME = "AAInfographics-ProDemo";
			};
			name = Release;
		};
/* End XCBuildConfiguration section */

/* Begin XCConfigurationList section */
		44D27C6A255A3CAF00D0C636 /* Build configuration list for PBXProject "AAInfographics-ProDemo" */ = {
			isa = XCConfigurationList;
			buildConfigurations = (
				44D27C97255A3CB400D0C636 /* Debug */,
				44D27C98255A3CB400D0C636 /* Release */,
			);
			defaultConfigurationIsVisible = 0;
			defaultConfigurationName = Release;
		};
		44D27C99255A3CB400D0C636 /* Build configuration list for PBXNativeTarget "AAInfographics-ProDemo" */ = {
			isa = XCConfigurationList;
			buildConfigurations = (
				44D27C9A255A3CB400D0C636 /* Debug */,
				44D27C9B255A3CB400D0C636 /* Release */,
			);
			defaultConfigurationIsVisible = 0;
			defaultConfigurationName = Release;
		};
		44D27C9C255A3CB400D0C636 /* Build configuration list for PBXNativeTarget "AAInfographics-ProDemoTests" */ = {
			isa = XCConfigurationList;
			buildConfigurations = (
				44D27C9D255A3CB400D0C636 /* Debug */,
				44D27C9E255A3CB400D0C636 /* Release */,
			);
			defaultConfigurationIsVisible = 0;
			defaultConfigurationName = Release;
		};
		44D27C9F255A3CB400D0C636 /* Build configuration list for PBXNativeTarget "AAInfographics-ProDemoUITests" */ = {
			isa = XCConfigurationList;
			buildConfigurations = (
				44D27CA0255A3CB400D0C636 /* Debug */,
				44D27CA1255A3CB400D0C636 /* Release */,
			);
			defaultConfigurationIsVisible = 0;
			defaultConfigurationName = Release;
		};
/* End XCConfigurationList section */
	};
	rootObject = 44D27C67255A3CAF00D0C636 /* Project object */;
}
